
Microsoft Visual Studio Solution File, Format Version 12.00
# Visual Studio 14
VisualStudioVersion = 14.0.23107.0
MinimumVisualStudioVersion = 10.0.40219.1
Project("{8BC9CEB8-8B4A-11D0-8D11-00A0C91BC942}") = "SamchonFramework", "SamchonFramework\SamchonFramework.vcxproj", "{2D22D7DA-299E-4AA4-9115-9FC9D56E7628}"
EndProject
Project("{2150E333-8FDC-42A3-9474-1A3956D46DE8}") = "example", "example", "{C96E2760-D66C-485E-BAD7-C67C0998E7DB}"
EndProject
Project("{8BC9CEB8-8B4A-11D0-8D11-00A0C91BC942}") = "entity", "samchon\example\entity\entity.vcxproj", "{D661167D-45BD-4ECC-B39E-E557FC2690CA}"
EndProject
Project("{8BC9CEB8-8B4A-11D0-8D11-00A0C91BC942}") = "event", "samchon\example\event\event.vcxproj", "{3ABF2648-8319-4689-8F74-CAB5C9610C05}"
EndProject
Project("{8BC9CEB8-8B4A-11D0-8D11-00A0C91BC942}") = "invoke", "samchon\example\invoke\invoke.vcxproj", "{B5E8E52A-4BD5-4467-8F1D-1FD9879082D9}"
EndProject
Project("{8BC9CEB8-8B4A-11D0-8D11-00A0C91BC942}") = "packer", "samchon\example\packer\packer.vcxproj", "{6FB2026A-9C78-463D-B556-E8478FB4BE22}"
EndProject
Project("{8BC9CEB8-8B4A-11D0-8D11-00A0C91BC942}") = "xml", "samchon\example\xml\xml.vcxproj", "{A45BB9DC-104E-48B7-9628-726EDA41D9CC}"
EndProject
Project("{8BC9CEB8-8B4A-11D0-8D11-00A0C91BC942}") = "tsp", "samchon\example\tsp\tsp.vcxproj", "{752AC73B-2BAB-4CB9-856A-23DC3058E405}"
EndProject
Project("{8BC9CEB8-8B4A-11D0-8D11-00A0C91BC942}") = "packer_slave", "samchon\example\interaction\packer_slave\packer_slave.vcxproj", "{AA33249B-3C53-489A-90EC-006A8EE006DD}"
EndProject
Project("{2150E333-8FDC-42A3-9474-1A3956D46DE8}") = "interaction", "interaction", "{EEF9802A-A31F-49D1-95C2-5268F3BDFE69}"
	ProjectSection(SolutionItems) = preProject
		samchon\example\interaction\MasterClient.hpp = samchon\example\interaction\MasterClient.hpp
	EndProjectSection
EndProject
Project("{8BC9CEB8-8B4A-11D0-8D11-00A0C91BC942}") = "packer_master", "samchon\example\interaction\packer_master\packer_master.vcxproj", "{990B9BBF-2F14-40E8-B513-3452A088E878}"
EndProject
Project("{8BC9CEB8-8B4A-11D0-8D11-00A0C91BC942}") = "packer_mediator", "samchon\example\interaction\packer_mediator\packer_mediator.vcxproj", "{DF7855AF-CD88-4D6A-AD5D-8BC4691467E0}"
EndProject
Project("{8BC9CEB8-8B4A-11D0-8D11-00A0C91BC942}") = "tsp_slave", "samchon\example\interaction\tsp_slave\tsp_slave.vcxproj", "{856F856B-055B-4CB0-B632-C099342DCCFD}"
EndProject
Project("{8BC9CEB8-8B4A-11D0-8D11-00A0C91BC942}") = "tsp_master", "samchon\example\interaction\tsp_master\tsp_master.vcxproj", "{DF2D1ECB-C08B-420A-92A4-A4DE31107E48}"
EndProject
Project("{8BC9CEB8-8B4A-11D0-8D11-00A0C91BC942}") = "reporter", "samchon\example\interaction\reporter\reporter.vcxproj", "{6F1ADAA3-F05E-4DE9-878E-BD1EE5B6E38A}"
EndProject
Project("{8BC9CEB8-8B4A-11D0-8D11-00A0C91BC942}") = "chief", "samchon\example\interaction\chief\chief.vcxproj", "{9836931B-0D90-46CD-899E-9D3042312DFA}"
EndProject
Project("{8BC9CEB8-8B4A-11D0-8D11-00A0C91BC942}") = "http", "samchon\example\http\http.vcxproj", "{D6C8A589-B378-4FEA-BEB3-47AA21F8437A}"
EndProject
Global
	GlobalSection(SolutionConfigurationPlatforms) = preSolution
		Debug|x64 = Debug|x64
		Debug|x86 = Debug|x86
		Release|x64 = Release|x64
		Release|x86 = Release|x86
	EndGlobalSection
	GlobalSection(ProjectConfigurationPlatforms) = postSolution
		{2D22D7DA-299E-4AA4-9115-9FC9D56E7628}.Debug|x64.ActiveCfg = Debug|x64
		{2D22D7DA-299E-4AA4-9115-9FC9D56E7628}.Debug|x64.Build.0 = Debug|x64
		{2D22D7DA-299E-4AA4-9115-9FC9D56E7628}.Debug|x86.ActiveCfg = Debug|Win32
		{2D22D7DA-299E-4AA4-9115-9FC9D56E7628}.Debug|x86.Build.0 = Debug|Win32
		{2D22D7DA-299E-4AA4-9115-9FC9D56E7628}.Release|x64.ActiveCfg = Release|x64
		{2D22D7DA-299E-4AA4-9115-9FC9D56E7628}.Release|x64.Build.0 = Release|x64
		{2D22D7DA-299E-4AA4-9115-9FC9D56E7628}.Release|x86.ActiveCfg = Release|Win32
		{2D22D7DA-299E-4AA4-9115-9FC9D56E7628}.Release|x86.Build.0 = Release|Win32
		{D661167D-45BD-4ECC-B39E-E557FC2690CA}.Debug|x64.ActiveCfg = Debug|x64
		{D661167D-45BD-4ECC-B39E-E557FC2690CA}.Debug|x64.Build.0 = Debug|x64
		{D661167D-45BD-4ECC-B39E-E557FC2690CA}.Debug|x86.ActiveCfg = Debug|Win32
		{D661167D-45BD-4ECC-B39E-E557FC2690CA}.Debug|x86.Build.0 = Debug|Win32
		{D661167D-45BD-4ECC-B39E-E557FC2690CA}.Release|x64.ActiveCfg = Release|x64
		{D661167D-45BD-4ECC-B39E-E557FC2690CA}.Release|x64.Build.0 = Release|x64
		{D661167D-45BD-4ECC-B39E-E557FC2690CA}.Release|x86.ActiveCfg = Release|Win32
		{D661167D-45BD-4ECC-B39E-E557FC2690CA}.Release|x86.Build.0 = Release|Win32
		{3ABF2648-8319-4689-8F74-CAB5C9610C05}.Debug|x64.ActiveCfg = Debug|x64
		{3ABF2648-8319-4689-8F74-CAB5C9610C05}.Debug|x64.Build.0 = Debug|x64
		{3ABF2648-8319-4689-8F74-CAB5C9610C05}.Debug|x86.ActiveCfg = Debug|Win32
		{3ABF2648-8319-4689-8F74-CAB5C9610C05}.Debug|x86.Build.0 = Debug|Win32
		{3ABF2648-8319-4689-8F74-CAB5C9610C05}.Release|x64.ActiveCfg = Release|x64
		{3ABF2648-8319-4689-8F74-CAB5C9610C05}.Release|x64.Build.0 = Release|x64
		{3ABF2648-8319-4689-8F74-CAB5C9610C05}.Release|x86.ActiveCfg = Release|Win32
		{3ABF2648-8319-4689-8F74-CAB5C9610C05}.Release|x86.Build.0 = Release|Win32
		{B5E8E52A-4BD5-4467-8F1D-1FD9879082D9}.Debug|x64.ActiveCfg = Debug|x64
		{B5E8E52A-4BD5-4467-8F1D-1FD9879082D9}.Debug|x64.Build.0 = Debug|x64
		{B5E8E52A-4BD5-4467-8F1D-1FD9879082D9}.Debug|x86.ActiveCfg = Debug|Win32
		{B5E8E52A-4BD5-4467-8F1D-1FD9879082D9}.Debug|x86.Build.0 = Debug|Win32
		{B5E8E52A-4BD5-4467-8F1D-1FD9879082D9}.Release|x64.ActiveCfg = Release|x64
		{B5E8E52A-4BD5-4467-8F1D-1FD9879082D9}.Release|x64.Build.0 = Release|x64
		{B5E8E52A-4BD5-4467-8F1D-1FD9879082D9}.Release|x86.ActiveCfg = Release|Win32
		{B5E8E52A-4BD5-4467-8F1D-1FD9879082D9}.Release|x86.Build.0 = Release|Win32
		{6FB2026A-9C78-463D-B556-E8478FB4BE22}.Debug|x64.ActiveCfg = Debug|x64
		{6FB2026A-9C78-463D-B556-E8478FB4BE22}.Debug|x64.Build.0 = Debug|x64
		{6FB2026A-9C78-463D-B556-E8478FB4BE22}.Debug|x86.ActiveCfg = Debug|Win32
		{6FB2026A-9C78-463D-B556-E8478FB4BE22}.Debug|x86.Build.0 = Debug|Win32
		{6FB2026A-9C78-463D-B556-E8478FB4BE22}.Release|x64.ActiveCfg = Release|x64
		{6FB2026A-9C78-463D-B556-E8478FB4BE22}.Release|x64.Build.0 = Release|x64
		{6FB2026A-9C78-463D-B556-E8478FB4BE22}.Release|x86.ActiveCfg = Release|Win32
		{6FB2026A-9C78-463D-B556-E8478FB4BE22}.Release|x86.Build.0 = Release|Win32
		{A45BB9DC-104E-48B7-9628-726EDA41D9CC}.Debug|x64.ActiveCfg = Debug|x64
		{A45BB9DC-104E-48B7-9628-726EDA41D9CC}.Debug|x64.Build.0 = Debug|x64
		{A45BB9DC-104E-48B7-9628-726EDA41D9CC}.Debug|x86.ActiveCfg = Debug|Win32
		{A45BB9DC-104E-48B7-9628-726EDA41D9CC}.Debug|x86.Build.0 = Debug|Win32
		{A45BB9DC-104E-48B7-9628-726EDA41D9CC}.Release|x64.ActiveCfg = Release|x64
		{A45BB9DC-104E-48B7-9628-726EDA41D9CC}.Release|x64.Build.0 = Release|x64
		{A45BB9DC-104E-48B7-9628-726EDA41D9CC}.Release|x86.ActiveCfg = Release|Win32
		{A45BB9DC-104E-48B7-9628-726EDA41D9CC}.Release|x86.Build.0 = Release|Win32
		{752AC73B-2BAB-4CB9-856A-23DC3058E405}.Debug|x64.ActiveCfg = Debug|x64
		{752AC73B-2BAB-4CB9-856A-23DC3058E405}.Debug|x64.Build.0 = Debug|x64
		{752AC73B-2BAB-4CB9-856A-23DC3058E405}.Debug|x86.ActiveCfg = Debug|Win32
		{752AC73B-2BAB-4CB9-856A-23DC3058E405}.Debug|x86.Build.0 = Debug|Win32
		{752AC73B-2BAB-4CB9-856A-23DC3058E405}.Release|x64.ActiveCfg = Release|x64
		{752AC73B-2BAB-4CB9-856A-23DC3058E405}.Release|x64.Build.0 = Release|x64
		{752AC73B-2BAB-4CB9-856A-23DC3058E405}.Release|x86.ActiveCfg = Release|Win32
		{752AC73B-2BAB-4CB9-856A-23DC3058E405}.Release|x86.Build.0 = Release|Win32
		{AA33249B-3C53-489A-90EC-006A8EE006DD}.Debug|x64.ActiveCfg = Debug|x64
		{AA33249B-3C53-489A-90EC-006A8EE006DD}.Debug|x64.Build.0 = Debug|x64
		{AA33249B-3C53-489A-90EC-006A8EE006DD}.Debug|x86.ActiveCfg = Debug|Win32
		{AA33249B-3C53-489A-90EC-006A8EE006DD}.Debug|x86.Build.0 = Debug|Win32
		{AA33249B-3C53-489A-90EC-006A8EE006DD}.Release|x64.ActiveCfg = Release|x64
		{AA33249B-3C53-489A-90EC-006A8EE006DD}.Release|x64.Build.0 = Release|x64
		{AA33249B-3C53-489A-90EC-006A8EE006DD}.Release|x86.ActiveCfg = Release|Win32
		{AA33249B-3C53-489A-90EC-006A8EE006DD}.Release|x86.Build.0 = Release|Win32
		{990B9BBF-2F14-40E8-B513-3452A088E878}.Debug|x64.ActiveCfg = Debug|x64
		{990B9BBF-2F14-40E8-B513-3452A088E878}.Debug|x64.Build.0 = Debug|x64
		{990B9BBF-2F14-40E8-B513-3452A088E878}.Debug|x86.ActiveCfg = Debug|Win32
		{990B9BBF-2F14-40E8-B513-3452A088E878}.Debug|x86.Build.0 = Debug|Win32
		{990B9BBF-2F14-40E8-B513-3452A088E878}.Release|x64.ActiveCfg = Release|x64
		{990B9BBF-2F14-40E8-B513-3452A088E878}.Release|x64.Build.0 = Release|x64
		{990B9BBF-2F14-40E8-B513-3452A088E878}.Release|x86.ActiveCfg = Release|Win32
		{990B9BBF-2F14-40E8-B513-3452A088E878}.Release|x86.Build.0 = Release|Win32
		{DF7855AF-CD88-4D6A-AD5D-8BC4691467E0}.Debug|x64.ActiveCfg = Debug|x64
		{DF7855AF-CD88-4D6A-AD5D-8BC4691467E0}.Debug|x64.Build.0 = Debug|x64
		{DF7855AF-CD88-4D6A-AD5D-8BC4691467E0}.Debug|x86.ActiveCfg = Debug|Win32
		{DF7855AF-CD88-4D6A-AD5D-8BC4691467E0}.Debug|x86.Build.0 = Debug|Win32
		{DF7855AF-CD88-4D6A-AD5D-8BC4691467E0}.Release|x64.ActiveCfg = Release|x64
		{DF7855AF-CD88-4D6A-AD5D-8BC4691467E0}.Release|x64.Build.0 = Release|x64
		{DF7855AF-CD88-4D6A-AD5D-8BC4691467E0}.Release|x86.ActiveCfg = Release|Win32
		{DF7855AF-CD88-4D6A-AD5D-8BC4691467E0}.Release|x86.Build.0 = Release|Win32
		{856F856B-055B-4CB0-B632-C099342DCCFD}.Debug|x64.ActiveCfg = Debug|x64
		{856F856B-055B-4CB0-B632-C099342DCCFD}.Debug|x64.Build.0 = Debug|x64
		{856F856B-055B-4CB0-B632-C099342DCCFD}.Debug|x86.ActiveCfg = Debug|Win32
		{856F856B-055B-4CB0-B632-C099342DCCFD}.Debug|x86.Build.0 = Debug|Win32
		{856F856B-055B-4CB0-B632-C099342DCCFD}.Release|x64.ActiveCfg = Release|x64
		{856F856B-055B-4CB0-B632-C099342DCCFD}.Release|x64.Build.0 = Release|x64
		{856F856B-055B-4CB0-B632-C099342DCCFD}.Release|x86.ActiveCfg = Release|Win32
		{856F856B-055B-4CB0-B632-C099342DCCFD}.Release|x86.Build.0 = Release|Win32
		{DF2D1ECB-C08B-420A-92A4-A4DE31107E48}.Debug|x64.ActiveCfg = Debug|x64
		{DF2D1ECB-C08B-420A-92A4-A4DE31107E48}.Debug|x64.Build.0 = Debug|x64
		{DF2D1ECB-C08B-420A-92A4-A4DE31107E48}.Debug|x86.ActiveCfg = Debug|Win32
		{DF2D1ECB-C08B-420A-92A4-A4DE31107E48}.Debug|x86.Build.0 = Debug|Win32
		{DF2D1ECB-C08B-420A-92A4-A4DE31107E48}.Release|x64.ActiveCfg = Release|x64
		{DF2D1ECB-C08B-420A-92A4-A4DE31107E48}.Release|x64.Build.0 = Release|x64
		{DF2D1ECB-C08B-420A-92A4-A4DE31107E48}.Release|x86.ActiveCfg = Release|Win32
		{DF2D1ECB-C08B-420A-92A4-A4DE31107E48}.Release|x86.Build.0 = Release|Win32
		{6F1ADAA3-F05E-4DE9-878E-BD1EE5B6E38A}.Debug|x64.ActiveCfg = Debug|x64
		{6F1ADAA3-F05E-4DE9-878E-BD1EE5B6E38A}.Debug|x64.Build.0 = Debug|x64
		{6F1ADAA3-F05E-4DE9-878E-BD1EE5B6E38A}.Debug|x86.ActiveCfg = Debug|Win32
		{6F1ADAA3-F05E-4DE9-878E-BD1EE5B6E38A}.Debug|x86.Build.0 = Debug|Win32
		{6F1ADAA3-F05E-4DE9-878E-BD1EE5B6E38A}.Release|x64.ActiveCfg = Release|x64
		{6F1ADAA3-F05E-4DE9-878E-BD1EE5B6E38A}.Release|x64.Build.0 = Release|x64
		{6F1ADAA3-F05E-4DE9-878E-BD1EE5B6E38A}.Release|x86.ActiveCfg = Release|Win32
		{6F1ADAA3-F05E-4DE9-878E-BD1EE5B6E38A}.Release|x86.Build.0 = Release|Win32
		{9836931B-0D90-46CD-899E-9D3042312DFA}.Debug|x64.ActiveCfg = Debug|x64
		{9836931B-0D90-46CD-899E-9D3042312DFA}.Debug|x64.Build.0 = Debug|x64
		{9836931B-0D90-46CD-899E-9D3042312DFA}.Debug|x86.ActiveCfg = Debug|Win32
		{9836931B-0D90-46CD-899E-9D3042312DFA}.Debug|x86.Build.0 = Debug|Win32
		{9836931B-0D90-46CD-899E-9D3042312DFA}.Release|x64.ActiveCfg = Release|x64
		{9836931B-0D90-46CD-899E-9D3042312DFA}.Release|x64.Build.0 = Release|x64
		{9836931B-0D90-46CD-899E-9D3042312DFA}.Release|x86.ActiveCfg = Release|Win32
		{9836931B-0D90-46CD-899E-9D3042312DFA}.Release|x86.Build.0 = Release|Win32
		{D6C8A589-B378-4FEA-BEB3-47AA21F8437A}.Debug|x64.ActiveCfg = Debug|x64
		{D6C8A589-B378-4FEA-BEB3-47AA21F8437A}.Debug|x64.Build.0 = Debug|x64
		{D6C8A589-B378-4FEA-BEB3-47AA21F8437A}.Debug|x86.ActiveCfg = Debug|Win32
		{D6C8A589-B378-4FEA-BEB3-47AA21F8437A}.Debug|x86.Build.0 = Debug|Win32
		{D6C8A589-B378-4FEA-BEB3-47AA21F8437A}.Release|x64.ActiveCfg = Release|x64
		{D6C8A589-B378-4FEA-BEB3-47AA21F8437A}.Release|x64.Build.0 = Release|x64
		{D6C8A589-B378-4FEA-BEB3-47AA21F8437A}.Release|x86.ActiveCfg = Release|Win32
		{D6C8A589-B378-4FEA-BEB3-47AA21F8437A}.Release|x86.Build.0 = Release|Win32
	EndGlobalSection
	GlobalSection(SolutionProperties) = preSolution
		HideSolutionNode = FALSE
	EndGlobalSection
	GlobalSection(NestedProjects) = preSolution
		{D661167D-45BD-4ECC-B39E-E557FC2690CA} = {C96E2760-D66C-485E-BAD7-C67C0998E7DB}
		{3ABF2648-8319-4689-8F74-CAB5C9610C05} = {C96E2760-D66C-485E-BAD7-C67C0998E7DB}
		{B5E8E52A-4BD5-4467-8F1D-1FD9879082D9} = {C96E2760-D66C-485E-BAD7-C67C0998E7DB}
		{6FB2026A-9C78-463D-B556-E8478FB4BE22} = {C96E2760-D66C-485E-BAD7-C67C0998E7DB}
		{A45BB9DC-104E-48B7-9628-726EDA41D9CC} = {C96E2760-D66C-485E-BAD7-C67C0998E7DB}
		{752AC73B-2BAB-4CB9-856A-23DC3058E405} = {C96E2760-D66C-485E-BAD7-C67C0998E7DB}
		{AA33249B-3C53-489A-90EC-006A8EE006DD} = {EEF9802A-A31F-49D1-95C2-5268F3BDFE69}
		{EEF9802A-A31F-49D1-95C2-5268F3BDFE69} = {C96E2760-D66C-485E-BAD7-C67C0998E7DB}
		{990B9BBF-2F14-40E8-B513-3452A088E878} = {EEF9802A-A31F-49D1-95C2-5268F3BDFE69}
		{DF7855AF-CD88-4D6A-AD5D-8BC4691467E0} = {EEF9802A-A31F-49D1-95C2-5268F3BDFE69}
		{856F856B-055B-4CB0-B632-C099342DCCFD} = {EEF9802A-A31F-49D1-95C2-5268F3BDFE69}
		{DF2D1ECB-C08B-420A-92A4-A4DE31107E48} = {EEF9802A-A31F-49D1-95C2-5268F3BDFE69}
		{6F1ADAA3-F05E-4DE9-878E-BD1EE5B6E38A} = {EEF9802A-A31F-49D1-95C2-5268F3BDFE69}
		{9836931B-0D90-46CD-899E-9D3042312DFA} = {EEF9802A-A31F-49D1-95C2-5268F3BDFE69}
		{D6C8A589-B378-4FEA-BEB3-47AA21F8437A} = {C96E2760-D66C-485E-BAD7-C67C0998E7DB}
	EndGlobalSection
EndGlobal
