
Microsoft Visual Studio Solution File, Format Version 12.00
# Visual Studio 14
VisualStudioVersion = 14.0.23107.0
MinimumVisualStudioVersion = 10.0.40219.1
Project("{8BC9CEB8-8B4A-11D0-8D11-00A0C91BC942}") = "SamchonFramework", "SamchonFramework\SamchonFramework.vcxproj", "{2D22D7DA-299E-4AA4-9115-9FC9D56E7628}"
EndProject
Project("{8BC9CEB8-8B4A-11D0-8D11-00A0C91BC942}") = "invoke", "samchon\examples\invoke\invoke.vcxproj", "{B5E8E52A-4BD5-4467-8F1D-1FD9879082D9}"
EndProject
Project("{8BC9CEB8-8B4A-11D0-8D11-00A0C91BC942}") = "xml", "samchon\examples\xml\xml.vcxproj", "{A45BB9DC-104E-48B7-9628-726EDA41D9CC}"
EndProject
Project("{2150E333-8FDC-42A3-9474-1A3956D46DE8}") = "examples", "examples", "{0974B3E2-1884-458E-8563-BF938C2C267D}"
EndProject
Project("{8BC9CEB8-8B4A-11D0-8D11-00A0C91BC942}") = "entity", "samchon\examples\entity\entity.vcxproj", "{D661167D-45BD-4ECC-B39E-E557FC2690CA}"
EndProject
Project("{8BC9CEB8-8B4A-11D0-8D11-00A0C91BC942}") = "console_chat_server", "samchon\examples\console_chat_server\console_chat_server.vcxproj", "{4A74F7A1-FE9A-4BC6-898E-ADAEB03C1023}"
EndProject
Project("{8BC9CEB8-8B4A-11D0-8D11-00A0C91BC942}") = "packer", "samchon\examples\packer\packer.vcxproj", "{6FB2026A-9C78-463D-B556-E8478FB4BE22}"
EndProject
Project("{8BC9CEB8-8B4A-11D0-8D11-00A0C91BC942}") = "tsp", "samchon\examples\tsp\tsp.vcxproj", "{752AC73B-2BAB-4CB9-856A-23DC3058E405}"
EndProject
Project("{8BC9CEB8-8B4A-11D0-8D11-00A0C91BC942}") = "chat_service", "samchon\examples\chat_service\chat_service.vcxproj", "{B377080E-EE3F-4BF8-B560-1EB6C9885F2F}"
EndProject
Project("{8BC9CEB8-8B4A-11D0-8D11-00A0C91BC942}") = "web_socket", "samchon\examples\web_socket\web_socket.vcxproj", "{CF1C30C2-7A87-4A09-BF3E-38FB85AD6F3F}"
EndProject
Global
	GlobalSection(SolutionConfigurationPlatforms) = preSolution
		Debug|x64 = Debug|x64
		Debug|x86 = Debug|x86
		Release|x64 = Release|x64
		Release|x86 = Release|x86
	EndGlobalSection
	GlobalSection(ProjectConfigurationPlatforms) = postSolution
		{2D22D7DA-299E-4AA4-9115-9FC9D56E7628}.Debug|x64.ActiveCfg = Debug|x64
		{2D22D7DA-299E-4AA4-9115-9FC9D56E7628}.Debug|x64.Build.0 = Debug|x64
		{2D22D7DA-299E-4AA4-9115-9FC9D56E7628}.Debug|x86.ActiveCfg = Debug|Win32
		{2D22D7DA-299E-4AA4-9115-9FC9D56E7628}.Debug|x86.Build.0 = Debug|Win32
		{2D22D7DA-299E-4AA4-9115-9FC9D56E7628}.Release|x64.ActiveCfg = Release|x64
		{2D22D7DA-299E-4AA4-9115-9FC9D56E7628}.Release|x64.Build.0 = Release|x64
		{2D22D7DA-299E-4AA4-9115-9FC9D56E7628}.Release|x86.ActiveCfg = Release|Win32
		{2D22D7DA-299E-4AA4-9115-9FC9D56E7628}.Release|x86.Build.0 = Release|Win32
		{B5E8E52A-4BD5-4467-8F1D-1FD9879082D9}.Debug|x64.ActiveCfg = Debug|x64
		{B5E8E52A-4BD5-4467-8F1D-1FD9879082D9}.Debug|x64.Build.0 = Debug|x64
		{B5E8E52A-4BD5-4467-8F1D-1FD9879082D9}.Debug|x86.ActiveCfg = Debug|Win32
		{B5E8E52A-4BD5-4467-8F1D-1FD9879082D9}.Debug|x86.Build.0 = Debug|Win32
		{B5E8E52A-4BD5-4467-8F1D-1FD9879082D9}.Release|x64.ActiveCfg = Release|x64
		{B5E8E52A-4BD5-4467-8F1D-1FD9879082D9}.Release|x64.Build.0 = Release|x64
		{B5E8E52A-4BD5-4467-8F1D-1FD9879082D9}.Release|x86.ActiveCfg = Release|Win32
		{B5E8E52A-4BD5-4467-8F1D-1FD9879082D9}.Release|x86.Build.0 = Release|Win32
		{A45BB9DC-104E-48B7-9628-726EDA41D9CC}.Debug|x64.ActiveCfg = Debug|x64
		{A45BB9DC-104E-48B7-9628-726EDA41D9CC}.Debug|x64.Build.0 = Debug|x64
		{A45BB9DC-104E-48B7-9628-726EDA41D9CC}.Debug|x86.ActiveCfg = Debug|Win32
		{A45BB9DC-104E-48B7-9628-726EDA41D9CC}.Debug|x86.Build.0 = Debug|Win32
		{A45BB9DC-104E-48B7-9628-726EDA41D9CC}.Release|x64.ActiveCfg = Release|x64
		{A45BB9DC-104E-48B7-9628-726EDA41D9CC}.Release|x64.Build.0 = Release|x64
		{A45BB9DC-104E-48B7-9628-726EDA41D9CC}.Release|x86.ActiveCfg = Release|Win32
		{A45BB9DC-104E-48B7-9628-726EDA41D9CC}.Release|x86.Build.0 = Release|Win32
		{D661167D-45BD-4ECC-B39E-E557FC2690CA}.Debug|x64.ActiveCfg = Debug|x64
		{D661167D-45BD-4ECC-B39E-E557FC2690CA}.Debug|x64.Build.0 = Debug|x64
		{D661167D-45BD-4ECC-B39E-E557FC2690CA}.Debug|x86.ActiveCfg = Debug|Win32
		{D661167D-45BD-4ECC-B39E-E557FC2690CA}.Debug|x86.Build.0 = Debug|Win32
		{D661167D-45BD-4ECC-B39E-E557FC2690CA}.Release|x64.ActiveCfg = Release|x64
		{D661167D-45BD-4ECC-B39E-E557FC2690CA}.Release|x64.Build.0 = Release|x64
		{D661167D-45BD-4ECC-B39E-E557FC2690CA}.Release|x86.ActiveCfg = Release|Win32
		{D661167D-45BD-4ECC-B39E-E557FC2690CA}.Release|x86.Build.0 = Release|Win32
		{4A74F7A1-FE9A-4BC6-898E-ADAEB03C1023}.Debug|x64.ActiveCfg = Debug|x64
		{4A74F7A1-FE9A-4BC6-898E-ADAEB03C1023}.Debug|x64.Build.0 = Debug|x64
		{4A74F7A1-FE9A-4BC6-898E-ADAEB03C1023}.Debug|x86.ActiveCfg = Debug|Win32
		{4A74F7A1-FE9A-4BC6-898E-ADAEB03C1023}.Debug|x86.Build.0 = Debug|Win32
		{4A74F7A1-FE9A-4BC6-898E-ADAEB03C1023}.Release|x64.ActiveCfg = Release|x64
		{4A74F7A1-FE9A-4BC6-898E-ADAEB03C1023}.Release|x64.Build.0 = Release|x64
		{4A74F7A1-FE9A-4BC6-898E-ADAEB03C1023}.Release|x86.ActiveCfg = Release|Win32
		{4A74F7A1-FE9A-4BC6-898E-ADAEB03C1023}.Release|x86.Build.0 = Release|Win32
		{6FB2026A-9C78-463D-B556-E8478FB4BE22}.Debug|x64.ActiveCfg = Debug|x64
		{6FB2026A-9C78-463D-B556-E8478FB4BE22}.Debug|x64.Build.0 = Debug|x64
		{6FB2026A-9C78-463D-B556-E8478FB4BE22}.Debug|x86.ActiveCfg = Debug|Win32
		{6FB2026A-9C78-463D-B556-E8478FB4BE22}.Debug|x86.Build.0 = Debug|Win32
		{6FB2026A-9C78-463D-B556-E8478FB4BE22}.Release|x64.ActiveCfg = Release|x64
		{6FB2026A-9C78-463D-B556-E8478FB4BE22}.Release|x64.Build.0 = Release|x64
		{6FB2026A-9C78-463D-B556-E8478FB4BE22}.Release|x86.ActiveCfg = Release|Win32
		{6FB2026A-9C78-463D-B556-E8478FB4BE22}.Release|x86.Build.0 = Release|Win32
		{752AC73B-2BAB-4CB9-856A-23DC3058E405}.Debug|x64.ActiveCfg = Debug|x64
		{752AC73B-2BAB-4CB9-856A-23DC3058E405}.Debug|x64.Build.0 = Debug|x64
		{752AC73B-2BAB-4CB9-856A-23DC3058E405}.Debug|x86.ActiveCfg = Debug|Win32
		{752AC73B-2BAB-4CB9-856A-23DC3058E405}.Debug|x86.Build.0 = Debug|Win32
		{752AC73B-2BAB-4CB9-856A-23DC3058E405}.Release|x64.ActiveCfg = Release|x64
		{752AC73B-2BAB-4CB9-856A-23DC3058E405}.Release|x64.Build.0 = Release|x64
		{752AC73B-2BAB-4CB9-856A-23DC3058E405}.Release|x86.ActiveCfg = Release|Win32
		{752AC73B-2BAB-4CB9-856A-23DC3058E405}.Release|x86.Build.0 = Release|Win32
		{B377080E-EE3F-4BF8-B560-1EB6C9885F2F}.Debug|x64.ActiveCfg = Debug|x64
		{B377080E-EE3F-4BF8-B560-1EB6C9885F2F}.Debug|x64.Build.0 = Debug|x64
		{B377080E-EE3F-4BF8-B560-1EB6C9885F2F}.Debug|x86.ActiveCfg = Debug|Win32
		{B377080E-EE3F-4BF8-B560-1EB6C9885F2F}.Debug|x86.Build.0 = Debug|Win32
		{B377080E-EE3F-4BF8-B560-1EB6C9885F2F}.Release|x64.ActiveCfg = Release|x64
		{B377080E-EE3F-4BF8-B560-1EB6C9885F2F}.Release|x64.Build.0 = Release|x64
		{B377080E-EE3F-4BF8-B560-1EB6C9885F2F}.Release|x86.ActiveCfg = Release|Win32
		{B377080E-EE3F-4BF8-B560-1EB6C9885F2F}.Release|x86.Build.0 = Release|Win32
		{CF1C30C2-7A87-4A09-BF3E-38FB85AD6F3F}.Debug|x64.ActiveCfg = Debug|x64
		{CF1C30C2-7A87-4A09-BF3E-38FB85AD6F3F}.Debug|x64.Build.0 = Debug|x64
		{CF1C30C2-7A87-4A09-BF3E-38FB85AD6F3F}.Debug|x86.ActiveCfg = Debug|Win32
		{CF1C30C2-7A87-4A09-BF3E-38FB85AD6F3F}.Debug|x86.Build.0 = Debug|Win32
		{CF1C30C2-7A87-4A09-BF3E-38FB85AD6F3F}.Release|x64.ActiveCfg = Release|x64
		{CF1C30C2-7A87-4A09-BF3E-38FB85AD6F3F}.Release|x64.Build.0 = Release|x64
		{CF1C30C2-7A87-4A09-BF3E-38FB85AD6F3F}.Release|x86.ActiveCfg = Release|Win32
		{CF1C30C2-7A87-4A09-BF3E-38FB85AD6F3F}.Release|x86.Build.0 = Release|Win32
	EndGlobalSection
	GlobalSection(SolutionProperties) = preSolution
		HideSolutionNode = FALSE
	EndGlobalSection
	GlobalSection(NestedProjects) = preSolution
		{B5E8E52A-4BD5-4467-8F1D-1FD9879082D9} = {0974B3E2-1884-458E-8563-BF938C2C267D}
		{A45BB9DC-104E-48B7-9628-726EDA41D9CC} = {0974B3E2-1884-458E-8563-BF938C2C267D}
		{D661167D-45BD-4ECC-B39E-E557FC2690CA} = {0974B3E2-1884-458E-8563-BF938C2C267D}
		{4A74F7A1-FE9A-4BC6-898E-ADAEB03C1023} = {0974B3E2-1884-458E-8563-BF938C2C267D}
		{6FB2026A-9C78-463D-B556-E8478FB4BE22} = {0974B3E2-1884-458E-8563-BF938C2C267D}
		{752AC73B-2BAB-4CB9-856A-23DC3058E405} = {0974B3E2-1884-458E-8563-BF938C2C267D}
		{B377080E-EE3F-4BF8-B560-1EB6C9885F2F} = {0974B3E2-1884-458E-8563-BF938C2C267D}
		{CF1C30C2-7A87-4A09-BF3E-38FB85AD6F3F} = {0974B3E2-1884-458E-8563-BF938C2C267D}
	EndGlobalSection
EndGlobal
