<?xml version="1.0" encoding="utf-8"?>
<Project ToolsVersion="4.0" xmlns="http://schemas.microsoft.com/developer/msbuild/2003">
  <ItemGroup>
    <Filter Include="Source Files">
      <UniqueIdentifier>{4FC737F1-C7A5-4376-A066-2A32D752A2FF}</UniqueIdentifier>
      <Extensions>cpp;c;cc;cxx;def;odl;idl;hpj;bat;asm;asmx</Extensions>
    </Filter>
    <Filter Include="Header Files">
      <UniqueIdentifier>{93995380-89BD-4b04-88EB-625FBE52EBFB}</UniqueIdentifier>
      <Extensions>h;hh;hpp;hxx;hm;inl;inc;xsd</Extensions>
    </Filter>
    <Filter Include="Resource Files">
      <UniqueIdentifier>{67DA6AB6-F800-4c08-8B7A-83BB121AAD01}</UniqueIdentifier>
      <Extensions>rc;ico;cur;bmp;dlg;rc2;rct;bin;rgs;gif;jpg;jpeg;jpe;resx;tiff;tif;png;wav;mfcribbon-ms</Extensions>
    </Filter>
    <Filter Include="Header Files\service">
      <UniqueIdentifier>{721dbaae-3b38-44e4-bc5d-f0a914930bef}</UniqueIdentifier>
    </Filter>
    <Filter Include="Header Files\chat">
      <UniqueIdentifier>{5ba3c855-cdc8-45cc-a82c-c164c63958d3}</UniqueIdentifier>
    </Filter>
    <Filter Include="Source Files\chat">
      <UniqueIdentifier>{24c03451-45b8-4b1b-bc95-7730168273f4}</UniqueIdentifier>
    </Filter>
    <Filter Include="Source Files\service">
      <UniqueIdentifier>{902d4ea1-6eff-484a-9675-efeefde9ab01}</UniqueIdentifier>
    </Filter>
  </ItemGroup>
  <ItemGroup>
    <ClInclude Include="ChatClient.hpp">
      <Filter>Header Files\service</Filter>
    </ClInclude>
    <ClInclude Include="ChatServer.hpp">
      <Filter>Header Files\service</Filter>
    </ClInclude>
    <ClInclude Include="ChatService.hpp">
      <Filter>Header Files\service</Filter>
    </ClInclude>
    <ClInclude Include="ChatUser.hpp">
      <Filter>Header Files\service</Filter>
    </ClInclude>
    <ClInclude Include="ListService.hpp">
      <Filter>Header Files\service</Filter>
    </ClInclude>
    <ClInclude Include="ChatMessage.hpp">
      <Filter>Header Files\chat</Filter>
    </ClInclude>
    <ClInclude Include="ChatRoom.hpp">
      <Filter>Header Files\chat</Filter>
    </ClInclude>
    <ClInclude Include="ChatRoomArray.hpp">
      <Filter>Header Files\chat</Filter>
    </ClInclude>
  </ItemGroup>
  <ItemGroup>
    <ClCompile Include="ChatMessage.cpp">
      <Filter>Source Files\chat</Filter>
    </ClCompile>
    <ClCompile Include="ChatRoom.cpp">
      <Filter>Source Files\chat</Filter>
    </ClCompile>
    <ClCompile Include="ChatRoomArray.cpp">
      <Filter>Source Files\chat</Filter>
    </ClCompile>
    <ClCompile Include="ChatService.cpp">
      <Filter>Source Files\service</Filter>
    </ClCompile>
  </ItemGroup>
</Project>