
Microsoft Visual Studio Solution File, Format Version 12.00
# Visual Studio 14
VisualStudioVersion = 14.0.25420.1
MinimumVisualStudioVersion = 10.0.40219.1
Project("{FAE04EC0-301F-11D3-BF4B-00C04F79EFBC}") = "samchon-framework", "samchon-framework.csproj", "{17279480-B4B1-449D-9574-200AB632FD75}"
EndProject
Project("{2150E333-8FDC-42A3-9474-1A3956D46DE8}") = "example", "example", "{62828809-965A-4CC3-B1E8-7CC2B3FCFE90}"
EndProject
Project("{9092AA53-FB77-4645-B42D-1CCCA6BD08BD}") = "chat-server", "examples\chat-server\chat-server.njsproj", "{233EA846-4C24-4734-8393-BE25BE7979E6}"
EndProject
Project("{FAE04EC0-301F-11D3-BF4B-00C04F79EFBC}") = "chat-application", "examples\chat-application\chat-application.csproj", "{B8EA8970-6D04-4253-A638-EE2A5E043AC3}"
EndProject
Project("{9092AA53-FB77-4645-B42D-1CCCA6BD08BD}") = "chat-application-console", "examples\chat-application-console\chat-application-console.njsproj", "{5C55FBB5-08F7-42F2-AE47-F0BBC5E8B717}"
EndProject
Project("{9092AA53-FB77-4645-B42D-1CCCA6BD08BD}") = "calculator", "examples\calculator\calculator.njsproj", "{BD790087-20FD-4526-8942-3EBD92CA9A42}"
EndProject
Project("{9092AA53-FB77-4645-B42D-1CCCA6BD08BD}") = "interaction", "examples\interaction\interaction.njsproj", "{E4DE4DC3-2ACE-4B62-8A04-67FACCD1A586}"
EndProject
Project("{9092AA53-FB77-4645-B42D-1CCCA6BD08BD}") = "interaction-console", "examples\interaction-console\interaction-console.njsproj", "{390074C3-3152-40EB-8900-B9FE17D5E869}"
EndProject
Project("{FAE04EC0-301F-11D3-BF4B-00C04F79EFBC}") = "interaction-viewer", "examples\interaction-viewer\interaction-viewer.csproj", "{ED668499-C4C2-491C-B914-7EEFC1A1335F}"
EndProject
Global
	GlobalSection(SolutionConfigurationPlatforms) = preSolution
		Debug|Any CPU = Debug|Any CPU
		Release|Any CPU = Release|Any CPU
	EndGlobalSection
	GlobalSection(ProjectConfigurationPlatforms) = postSolution
		{17279480-B4B1-449D-9574-200AB632FD75}.Debug|Any CPU.ActiveCfg = Debug|Any CPU
		{17279480-B4B1-449D-9574-200AB632FD75}.Debug|Any CPU.Build.0 = Debug|Any CPU
		{17279480-B4B1-449D-9574-200AB632FD75}.Release|Any CPU.ActiveCfg = Release|Any CPU
		{17279480-B4B1-449D-9574-200AB632FD75}.Release|Any CPU.Build.0 = Release|Any CPU
		{233EA846-4C24-4734-8393-BE25BE7979E6}.Debug|Any CPU.ActiveCfg = Debug|Any CPU
		{233EA846-4C24-4734-8393-BE25BE7979E6}.Debug|Any CPU.Build.0 = Debug|Any CPU
		{233EA846-4C24-4734-8393-BE25BE7979E6}.Release|Any CPU.ActiveCfg = Release|Any CPU
		{233EA846-4C24-4734-8393-BE25BE7979E6}.Release|Any CPU.Build.0 = Release|Any CPU
		{B8EA8970-6D04-4253-A638-EE2A5E043AC3}.Debug|Any CPU.ActiveCfg = Debug|Any CPU
		{B8EA8970-6D04-4253-A638-EE2A5E043AC3}.Debug|Any CPU.Build.0 = Debug|Any CPU
		{B8EA8970-6D04-4253-A638-EE2A5E043AC3}.Release|Any CPU.ActiveCfg = Release|Any CPU
		{B8EA8970-6D04-4253-A638-EE2A5E043AC3}.Release|Any CPU.Build.0 = Release|Any CPU
		{5C55FBB5-08F7-42F2-AE47-F0BBC5E8B717}.Debug|Any CPU.ActiveCfg = Debug|Any CPU
		{5C55FBB5-08F7-42F2-AE47-F0BBC5E8B717}.Debug|Any CPU.Build.0 = Debug|Any CPU
		{5C55FBB5-08F7-42F2-AE47-F0BBC5E8B717}.Release|Any CPU.ActiveCfg = Release|Any CPU
		{5C55FBB5-08F7-42F2-AE47-F0BBC5E8B717}.Release|Any CPU.Build.0 = Release|Any CPU
		{BD790087-20FD-4526-8942-3EBD92CA9A42}.Debug|Any CPU.ActiveCfg = Debug|Any CPU
		{BD790087-20FD-4526-8942-3EBD92CA9A42}.Debug|Any CPU.Build.0 = Debug|Any CPU
		{BD790087-20FD-4526-8942-3EBD92CA9A42}.Release|Any CPU.ActiveCfg = Release|Any CPU
		{BD790087-20FD-4526-8942-3EBD92CA9A42}.Release|Any CPU.Build.0 = Release|Any CPU
		{E4DE4DC3-2ACE-4B62-8A04-67FACCD1A586}.Debug|Any CPU.ActiveCfg = Debug|Any CPU
		{E4DE4DC3-2ACE-4B62-8A04-67FACCD1A586}.Debug|Any CPU.Build.0 = Debug|Any CPU
		{E4DE4DC3-2ACE-4B62-8A04-67FACCD1A586}.Release|Any CPU.ActiveCfg = Release|Any CPU
		{E4DE4DC3-2ACE-4B62-8A04-67FACCD1A586}.Release|Any CPU.Build.0 = Release|Any CPU
		{390074C3-3152-40EB-8900-B9FE17D5E869}.Debug|Any CPU.ActiveCfg = Debug|Any CPU
		{390074C3-3152-40EB-8900-B9FE17D5E869}.Debug|Any CPU.Build.0 = Debug|Any CPU
		{390074C3-3152-40EB-8900-B9FE17D5E869}.Release|Any CPU.ActiveCfg = Release|Any CPU
		{390074C3-3152-40EB-8900-B9FE17D5E869}.Release|Any CPU.Build.0 = Release|Any CPU
		{ED668499-C4C2-491C-B914-7EEFC1A1335F}.Debug|Any CPU.ActiveCfg = Debug|Any CPU
		{ED668499-C4C2-491C-B914-7EEFC1A1335F}.Debug|Any CPU.Build.0 = Debug|Any CPU
		{ED668499-C4C2-491C-B914-7EEFC1A1335F}.Release|Any CPU.ActiveCfg = Release|Any CPU
		{ED668499-C4C2-491C-B914-7EEFC1A1335F}.Release|Any CPU.Build.0 = Release|Any CPU
	EndGlobalSection
	GlobalSection(SolutionProperties) = preSolution
		HideSolutionNode = FALSE
	EndGlobalSection
	GlobalSection(NestedProjects) = preSolution
		{233EA846-4C24-4734-8393-BE25BE7979E6} = {62828809-965A-4CC3-B1E8-7CC2B3FCFE90}
		{B8EA8970-6D04-4253-A638-EE2A5E043AC3} = {62828809-965A-4CC3-B1E8-7CC2B3FCFE90}
		{5C55FBB5-08F7-42F2-AE47-F0BBC5E8B717} = {62828809-965A-4CC3-B1E8-7CC2B3FCFE90}
		{BD790087-20FD-4526-8942-3EBD92CA9A42} = {62828809-965A-4CC3-B1E8-7CC2B3FCFE90}
		{E4DE4DC3-2ACE-4B62-8A04-67FACCD1A586} = {62828809-965A-4CC3-B1E8-7CC2B3FCFE90}
		{390074C3-3152-40EB-8900-B9FE17D5E869} = {62828809-965A-4CC3-B1E8-7CC2B3FCFE90}
		{ED668499-C4C2-491C-B914-7EEFC1A1335F} = {62828809-965A-4CC3-B1E8-7CC2B3FCFE90}
	EndGlobalSection
EndGlobal
