<?xml version="1.0" encoding="utf-8"?>
<Project ToolsVersion="4.0" xmlns="http://schemas.microsoft.com/developer/msbuild/2003">
  <ItemGroup>
    <Filter Include="Source Files">
      <UniqueIdentifier>{4FC737F1-C7A5-4376-A066-2A32D752A2FF}</UniqueIdentifier>
      <Extensions>cpp;c;cc;cxx;def;odl;idl;hpj;bat;asm;asmx</Extensions>
    </Filter>
    <Filter Include="Header Files">
      <UniqueIdentifier>{93995380-89BD-4b04-88EB-625FBE52EBFB}</UniqueIdentifier>
      <Extensions>h;hh;hpp;hxx;hm;inl;inc;xsd</Extensions>
    </Filter>
    <Filter Include="Resource Files">
      <UniqueIdentifier>{67DA6AB6-F800-4c08-8B7A-83BB121AAD01}</UniqueIdentifier>
      <Extensions>rc;ico;cur;bmp;dlg;rc2;rct;bin;rgs;gif;jpg;jpeg;jpe;resx;tiff;tif;png;wav;mfcribbon-ms</Extensions>
    </Filter>
    <Filter Include="Header Files\library">
      <UniqueIdentifier>{73590917-405b-4654-96f7-6366c0b9fc38}</UniqueIdentifier>
    </Filter>
    <Filter Include="Header Files\protocol">
      <UniqueIdentifier>{66fdd2e8-87a6-4e2f-a6ab-1586c9334686}</UniqueIdentifier>
    </Filter>
    <Filter Include="Header Files\nam-tree">
      <UniqueIdentifier>{afae2518-1916-4a42-bc34-19d8983c6994}</UniqueIdentifier>
    </Filter>
    <Filter Include="Header Files\library\common">
      <UniqueIdentifier>{2802d471-4115-4207-8883-d33cd2bb08e2}</UniqueIdentifier>
    </Filter>
    <Filter Include="Header Files\basic">
      <UniqueIdentifier>{fb8fb87d-2054-4a03-914f-cfc5c7092dce}</UniqueIdentifier>
    </Filter>
    <Filter Include="Source Files\nam-tree">
      <UniqueIdentifier>{2381aa7c-4573-4bd3-81db-a67f5bfefdbb}</UniqueIdentifier>
    </Filter>
    <Filter Include="Source Files\basic">
      <UniqueIdentifier>{982e7f1e-5f88-4a39-9aef-e09e5d12e0e1}</UniqueIdentifier>
    </Filter>
    <Filter Include="Source Files\library">
      <UniqueIdentifier>{a21837fe-8bc4-4739-bcf7-ae9647c60470}</UniqueIdentifier>
    </Filter>
    <Filter Include="Source Files\protocol">
      <UniqueIdentifier>{c35b6017-713e-4af8-a1f6-86777aeb689a}</UniqueIdentifier>
    </Filter>
    <Filter Include="Source Files\protocol\service">
      <UniqueIdentifier>{04ce2cc7-d7f8-4785-9f22-879223f98f10}</UniqueIdentifier>
    </Filter>
    <Filter Include="Source Files\protocol\slave">
      <UniqueIdentifier>{626f8912-fb95-469c-93e1-8029c984e161}</UniqueIdentifier>
    </Filter>
    <Filter Include="Source Files\protocol\master">
      <UniqueIdentifier>{7b87a7bb-abfb-4f95-adbf-58e62cf90580}</UniqueIdentifier>
    </Filter>
    <Filter Include="Header Files\library\data">
      <UniqueIdentifier>{a56c39d1-8abc-460d-9972-4646d1310950}</UniqueIdentifier>
    </Filter>
    <Filter Include="Header Files\library\data\sql">
      <UniqueIdentifier>{ac87c6cc-79a6-41af-929f-a36495a289ec}</UniqueIdentifier>
    </Filter>
    <Filter Include="Header Files\library\data\xml">
      <UniqueIdentifier>{abe000bf-581a-4a03-b78a-1f46e78c40f8}</UniqueIdentifier>
    </Filter>
    <Filter Include="Header Files\library\data\http">
      <UniqueIdentifier>{8df2c485-60a9-48a8-b1e5-38f70a23a423}</UniqueIdentifier>
    </Filter>
    <Filter Include="Header Files\library\data\datetime">
      <UniqueIdentifier>{99f5c8a0-727a-4788-a079-290054c2572b}</UniqueIdentifier>
    </Filter>
    <Filter Include="Header Files\library\utils">
      <UniqueIdentifier>{ce2c988a-fb6a-411d-95bb-588dfc52d835}</UniqueIdentifier>
    </Filter>
    <Filter Include="Header Files\library\utils\math">
      <UniqueIdentifier>{ecb824e6-f3f4-4009-a922-dfcdab698402}</UniqueIdentifier>
    </Filter>
    <Filter Include="Header Files\library\utils\math\genetic algorithm">
      <UniqueIdentifier>{3b42f71b-7c6f-4c65-84c5-1a7782e84149}</UniqueIdentifier>
    </Filter>
    <Filter Include="Header Files\library\utils\math\case generator">
      <UniqueIdentifier>{1da2e867-3792-4fd6-8cb1-c43bc92abac7}</UniqueIdentifier>
    </Filter>
    <Filter Include="Header Files\library\utils\string">
      <UniqueIdentifier>{2e2af994-b0b8-4fa7-a703-57ac927dc75f}</UniqueIdentifier>
    </Filter>
    <Filter Include="Header Files\library\common\critical section">
      <UniqueIdentifier>{ebb9c0ef-0284-46c5-9f26-0f4ce6f16609}</UniqueIdentifier>
    </Filter>
    <Filter Include="Header Files\library\common\critical section\container">
      <UniqueIdentifier>{2ff36964-b86d-4387-8c3d-dcd821118953}</UniqueIdentifier>
    </Filter>
    <Filter Include="Header Files\library\common\critical section\unique_lock">
      <UniqueIdentifier>{7f7bac72-f20a-442c-bab0-61f4e660d126}</UniqueIdentifier>
    </Filter>
    <Filter Include="Header Files\library\common\event">
      <UniqueIdentifier>{bad49f11-60d3-49bb-b3bd-3cc6c762e62b}</UniqueIdentifier>
    </Filter>
    <Filter Include="Header Files\library\file-tree">
      <UniqueIdentifier>{538f3934-f1f0-4f86-848e-7d12067353cc}</UniqueIdentifier>
    </Filter>
    <Filter Include="Header Files\protocol\service">
      <UniqueIdentifier>{926ec8de-2e89-4e94-ad17-50003a4b0a16}</UniqueIdentifier>
    </Filter>
    <Filter Include="Header Files\protocol\master">
      <UniqueIdentifier>{99ae0ea6-73c9-4b08-996e-bcd35644e380}</UniqueIdentifier>
    </Filter>
    <Filter Include="Header Files\protocol\slave">
      <UniqueIdentifier>{b6659a48-fb5d-464c-bdb4-0a211b71da9b}</UniqueIdentifier>
    </Filter>
    <Filter Include="Header Files\protocol\common">
      <UniqueIdentifier>{a687587f-fb12-4139-adae-1d4906b183d7}</UniqueIdentifier>
    </Filter>
    <Filter Include="Header Files\protocol\master\distributed system">
      <UniqueIdentifier>{a7f7e463-52f3-44b2-8a27-b96aec215f5c}</UniqueIdentifier>
    </Filter>
    <Filter Include="Header Files\protocol\master\parallel system">
      <UniqueIdentifier>{259387af-35de-40c5-9b9e-067f5667c0e7}</UniqueIdentifier>
    </Filter>
    <Filter Include="Header Files\protocol\master\parallel system\abstract">
      <UniqueIdentifier>{0a46ad7a-d841-403d-894c-edf68d1ea1ce}</UniqueIdentifier>
    </Filter>
    <Filter Include="Header Files\protocol\master\parallel system\server">
      <UniqueIdentifier>{2d83f370-a160-4f80-b4b2-2bd97b36f0db}</UniqueIdentifier>
    </Filter>
    <Filter Include="Header Files\protocol\master\parallel system\client">
      <UniqueIdentifier>{13be89eb-f5fa-4747-ac7b-565a8e202afe}</UniqueIdentifier>
    </Filter>
    <Filter Include="Header Files\protocol\master\parallel system\history">
      <UniqueIdentifier>{ba5beb66-4123-4c6d-8606-7f7b593daffd}</UniqueIdentifier>
    </Filter>
    <Filter Include="Header Files\protocol\master\distributed system\abstract">
      <UniqueIdentifier>{078b803a-8979-4a11-90ff-25cc2062e4b5}</UniqueIdentifier>
    </Filter>
    <Filter Include="Header Files\protocol\master\distributed system\server">
      <UniqueIdentifier>{9fbca551-98b9-40e9-a7b0-3a7799c0b03e}</UniqueIdentifier>
    </Filter>
    <Filter Include="Header Files\protocol\master\distributed system\client">
      <UniqueIdentifier>{56826f75-5c5f-4589-b172-1e73d5e6e980}</UniqueIdentifier>
    </Filter>
    <Filter Include="Header Files\protocol\master\distributed system\history">
      <UniqueIdentifier>{ab65798d-0f01-4569-b257-8d8af078ac0d}</UniqueIdentifier>
    </Filter>
    <Filter Include="Header Files\protocol\common\entity">
      <UniqueIdentifier>{912cbf6b-e39a-4727-9f86-77be879e4ab6}</UniqueIdentifier>
    </Filter>
    <Filter Include="Header Files\protocol\common\invoke">
      <UniqueIdentifier>{e8927832-f733-412d-afef-0933e25fe851}</UniqueIdentifier>
    </Filter>
    <Filter Include="Header Files\protocol\common\basic">
      <UniqueIdentifier>{8dc30a52-ceb0-474b-8c41-1b0c2b48816d}</UniqueIdentifier>
    </Filter>
    <Filter Include="Header Files\protocol\common\web-socket">
      <UniqueIdentifier>{8435b827-8709-4e45-b3b4-4b211d4a6b51}</UniqueIdentifier>
    </Filter>
    <Filter Include="Header Files\protocol\common\miscellaneous">
      <UniqueIdentifier>{083712e5-7b78-45e6-aca0-535e79a1b965}</UniqueIdentifier>
    </Filter>
    <Filter Include="Header Files\protocol\common\external system">
      <UniqueIdentifier>{bc85b499-a00e-4083-a622-b610654737ea}</UniqueIdentifier>
    </Filter>
    <Filter Include="Header Files\protocol\common\external system\abstract">
      <UniqueIdentifier>{c67769df-3f4b-45d9-ad8e-d0ec3693f67c}</UniqueIdentifier>
    </Filter>
    <Filter Include="Header Files\protocol\common\external system\server">
      <UniqueIdentifier>{2a04a7ea-aa44-4437-89eb-5954cd175f29}</UniqueIdentifier>
    </Filter>
    <Filter Include="Header Files\protocol\common\external system\client">
      <UniqueIdentifier>{1370faad-ee1a-415c-8e66-a060a4b42534}</UniqueIdentifier>
    </Filter>
  </ItemGroup>
  <ItemGroup>
    <ClInclude Include="..\samchon\ByteArray.hpp">
      <Filter>Header Files\basic</Filter>
    </ClInclude>
    <ClInclude Include="..\samchon\Dictionary.hpp">
      <Filter>Header Files\basic</Filter>
    </ClInclude>
    <ClInclude Include="..\samchon\IndexPair.hpp">
      <Filter>Header Files\basic</Filter>
    </ClInclude>
    <ClInclude Include="..\samchon\Map.hpp">
      <Filter>Header Files\basic</Filter>
    </ClInclude>
    <ClInclude Include="..\samchon\Set.hpp">
      <Filter>Header Files\basic</Filter>
    </ClInclude>
    <ClInclude Include="..\samchon\SmartPointer.hpp">
      <Filter>Header Files\basic</Filter>
    </ClInclude>
    <ClInclude Include="..\samchon\WeakString.hpp">
      <Filter>Header Files\basic</Filter>
    </ClInclude>
    <ClInclude Include="..\samchon\API.hpp">
      <Filter>Header Files</Filter>
    </ClInclude>
    <ClInclude Include="..\samchon\library\Base64.hpp">
      <Filter>Header Files\library\utils\string</Filter>
    </ClInclude>
    <ClInclude Include="..\samchon\library\Charset.hpp">
      <Filter>Header Files\library\utils\string</Filter>
    </ClInclude>
    <ClInclude Include="..\samchon\library\StringUtil.hpp">
      <Filter>Header Files\library\utils\string</Filter>
    </ClInclude>
    <ClInclude Include="..\samchon\library\ErrorEvent.hpp">
      <Filter>Header Files\library\common\event</Filter>
    </ClInclude>
    <ClInclude Include="..\samchon\library\Event.hpp">
      <Filter>Header Files\library\common\event</Filter>
    </ClInclude>
    <ClInclude Include="..\samchon\library\ProgressEvent.hpp">
      <Filter>Header Files\library\common\event</Filter>
    </ClInclude>
    <ClInclude Include="..\samchon\library\CriticalDictionary.hpp">
      <Filter>Header Files\library\common\critical section\container</Filter>
    </ClInclude>
    <ClInclude Include="..\samchon\library\CriticalList.hpp">
      <Filter>Header Files\library\common\critical section\container</Filter>
    </ClInclude>
    <ClInclude Include="..\samchon\library\CriticalMap.hpp">
      <Filter>Header Files\library\common\critical section\container</Filter>
    </ClInclude>
    <ClInclude Include="..\samchon\library\CriticalSet.hpp">
      <Filter>Header Files\library\common\critical section\container</Filter>
    </ClInclude>
    <ClInclude Include="..\samchon\library\CriticalVector.hpp">
      <Filter>Header Files\library\common\critical section\container</Filter>
    </ClInclude>
    <ClInclude Include="..\samchon\library\UniqueAcquire.hpp">
      <Filter>Header Files\library\common\critical section\unique_lock</Filter>
    </ClInclude>
    <ClInclude Include="..\samchon\library\UniqueReadLock.hpp">
      <Filter>Header Files\library\common\critical section\unique_lock</Filter>
    </ClInclude>
    <ClInclude Include="..\samchon\library\UniqueWriteLock.hpp">
      <Filter>Header Files\library\common\critical section\unique_lock</Filter>
    </ClInclude>
    <ClInclude Include="..\samchon\library\SharedWriteLock.hpp">
      <Filter>Header Files\library\common\critical section\unique_lock</Filter>
    </ClInclude>
    <ClInclude Include="..\samchon\library\SharedAcquire.hpp">
      <Filter>Header Files\library\common\critical section\unique_lock</Filter>
    </ClInclude>
    <ClInclude Include="..\samchon\library\SharedReadLock.hpp">
      <Filter>Header Files\library\common\critical section\unique_lock</Filter>
    </ClInclude>
    <ClInclude Include="..\samchon\library\RWMutex.hpp">
      <Filter>Header Files\library\common\critical section</Filter>
    </ClInclude>
    <ClInclude Include="..\samchon\library\Semaphore.hpp">
      <Filter>Header Files\library\common\critical section</Filter>
    </ClInclude>
    <ClInclude Include="..\samchon\library\FTByteFile.hpp">
      <Filter>Header Files\library\file-tree</Filter>
    </ClInclude>
    <ClInclude Include="..\samchon\library\FTFactory.hpp">
      <Filter>Header Files\library\file-tree</Filter>
    </ClInclude>
    <ClInclude Include="..\samchon\library\FTFile.hpp">
      <Filter>Header Files\library\file-tree</Filter>
    </ClInclude>
    <ClInclude Include="..\samchon\library\FTFolder.hpp">
      <Filter>Header Files\library\file-tree</Filter>
    </ClInclude>
    <ClInclude Include="..\samchon\library\FTInstance.hpp">
      <Filter>Header Files\library\file-tree</Filter>
    </ClInclude>
    <ClInclude Include="..\samchon\library\FTTextFile.hpp">
      <Filter>Header Files\library\file-tree</Filter>
    </ClInclude>
    <ClInclude Include="..\samchon\library\GAParameters.hpp">
      <Filter>Header Files\library\utils\math\genetic algorithm</Filter>
    </ClInclude>
    <ClInclude Include="..\samchon\library\GAPopulation.hpp">
      <Filter>Header Files\library\utils\math\genetic algorithm</Filter>
    </ClInclude>
    <ClInclude Include="..\samchon\library\GeneticAlgorithm.hpp">
      <Filter>Header Files\library\utils\math\genetic algorithm</Filter>
    </ClInclude>
    <ClInclude Include="..\samchon\library\Datetime.hpp">
      <Filter>Header Files\library\data\datetime</Filter>
    </ClInclude>
    <ClInclude Include="..\samchon\library\Date.hpp">
      <Filter>Header Files\library\data\datetime</Filter>
    </ClInclude>
    <ClInclude Include="..\samchon\library\CaseGenerator.hpp">
      <Filter>Header Files\library\utils\math\case generator</Filter>
    </ClInclude>
    <ClInclude Include="..\samchon\library\CombinedPermutationGenerator.hpp">
      <Filter>Header Files\library\utils\math\case generator</Filter>
    </ClInclude>
    <ClInclude Include="..\samchon\library\FactorialGenerator.hpp">
      <Filter>Header Files\library\utils\math\case generator</Filter>
    </ClInclude>
    <ClInclude Include="..\samchon\library\PermutationGenerator.hpp">
      <Filter>Header Files\library\utils\math\case generator</Filter>
    </ClInclude>
    <ClInclude Include="..\samchon\library\CriticalAllocator.hpp">
      <Filter>Header Files\library\common\critical section</Filter>
    </ClInclude>
    <ClInclude Include="..\samchon\library\IOperator.hpp">
      <Filter>Header Files\library\common</Filter>
    </ClInclude>
    <ClInclude Include="..\samchon\library\Math.hpp">
      <Filter>Header Files\library\utils\math</Filter>
    </ClInclude>
    <ClInclude Include="..\samchon\library\XMLList.hpp">
      <Filter>Header Files\library\data\xml</Filter>
    </ClInclude>
    <ClInclude Include="..\samchon\library\XML.hpp">
      <Filter>Header Files\library\data\xml</Filter>
    </ClInclude>
    <ClInclude Include="..\samchon\library\MySQLi.hpp">
      <Filter>Header Files\library\data\sql</Filter>
    </ClInclude>
    <ClInclude Include="..\samchon\library\SQLi.hpp">
      <Filter>Header Files\library\data\sql</Filter>
    </ClInclude>
    <ClInclude Include="..\samchon\library\SQLLiteConnector.hpp">
      <Filter>Header Files\library\data\sql</Filter>
    </ClInclude>
    <ClInclude Include="..\samchon\library\SQLStatement.hpp">
      <Filter>Header Files\library\data\sql</Filter>
    </ClInclude>
    <ClInclude Include="..\samchon\library\TSQLi.hpp">
      <Filter>Header Files\library\data\sql</Filter>
    </ClInclude>
    <ClInclude Include="..\samchon\library\TSQLStatement.hpp">
      <Filter>Header Files\library\data\sql</Filter>
    </ClInclude>
    <ClInclude Include="..\samchon\library\HTTPLoader.hpp">
      <Filter>Header Files\library\data\http</Filter>
    </ClInclude>
    <ClInclude Include="..\samchon\library\URLVariables.hpp">
      <Filter>Header Files\library\data\http</Filter>
    </ClInclude>
    <ClInclude Include="..\samchon\namtree\INTExplore.hpp">
      <Filter>Header Files\nam-tree</Filter>
    </ClInclude>
    <ClInclude Include="..\samchon\namtree\NTCriteria.hpp">
      <Filter>Header Files\nam-tree</Filter>
    </ClInclude>
    <ClInclude Include="..\samchon\namtree\NTEntityGroup.hpp">
      <Filter>Header Files\nam-tree</Filter>
    </ClInclude>
    <ClInclude Include="..\samchon\namtree\NTFactory.hpp">
      <Filter>Header Files\nam-tree</Filter>
    </ClInclude>
    <ClInclude Include="..\samchon\namtree\NTFile.hpp">
      <Filter>Header Files\nam-tree</Filter>
    </ClInclude>
    <ClInclude Include="..\samchon\namtree\NTIterator.hpp">
      <Filter>Header Files\nam-tree</Filter>
    </ClInclude>
    <ClInclude Include="..\samchon\namtree\NTParameter.hpp">
      <Filter>Header Files\nam-tree</Filter>
    </ClInclude>
    <ClInclude Include="..\samchon\namtree\NTParameterArray.hpp">
      <Filter>Header Files\nam-tree</Filter>
    </ClInclude>
    <ClInclude Include="..\samchon\namtree\NTParameterDetermined.hpp">
      <Filter>Header Files\nam-tree</Filter>
    </ClInclude>
    <ClInclude Include="..\samchon\namtree\NTSide.hpp">
      <Filter>Header Files\nam-tree</Filter>
    </ClInclude>
    <ClInclude Include="..\samchon\protocol\service\Client.hpp">
      <Filter>Header Files\protocol\service</Filter>
    </ClInclude>
    <ClInclude Include="..\samchon\protocol\service\IPUserPair.hpp">
      <Filter>Header Files\protocol\service</Filter>
    </ClInclude>
    <ClInclude Include="..\samchon\protocol\service\Server.hpp">
      <Filter>Header Files\protocol\service</Filter>
    </ClInclude>
    <ClInclude Include="..\samchon\protocol\service\Service.hpp">
      <Filter>Header Files\protocol\service</Filter>
    </ClInclude>
    <ClInclude Include="..\samchon\protocol\service\ServiceKeeper.hpp">
      <Filter>Header Files\protocol\service</Filter>
    </ClInclude>
    <ClInclude Include="..\samchon\protocol\service\ServiceRole.hpp">
      <Filter>Header Files\protocol\service</Filter>
    </ClInclude>
    <ClInclude Include="..\samchon\protocol\service\User.hpp">
      <Filter>Header Files\protocol\service</Filter>
    </ClInclude>
    <ClInclude Include="..\samchon\protocol\slave\ParallelClient.hpp">
      <Filter>Header Files\protocol\slave</Filter>
    </ClInclude>
    <ClInclude Include="..\samchon\protocol\slave\ParallelServer.hpp">
      <Filter>Header Files\protocol\slave</Filter>
    </ClInclude>
    <ClInclude Include="..\samchon\protocol\slave\ParallelSystem.hpp">
      <Filter>Header Files\protocol\slave</Filter>
    </ClInclude>
    <ClInclude Include="..\samchon\protocol\slave\SlaveClient.hpp">
      <Filter>Header Files\protocol\slave</Filter>
    </ClInclude>
    <ClInclude Include="..\samchon\protocol\slave\SlaveServer.hpp">
      <Filter>Header Files\protocol\slave</Filter>
    </ClInclude>
    <ClInclude Include="..\samchon\protocol\slave\SlaveSystem.hpp">
      <Filter>Header Files\protocol\slave</Filter>
    </ClInclude>
    <ClInclude Include="..\samchon\protocol\master\PRInvokeHistoryArray.hpp">
      <Filter>Header Files\protocol\master\parallel system\history</Filter>
    </ClInclude>
    <ClInclude Include="..\samchon\protocol\master\PRInvokeHistory.hpp">
      <Filter>Header Files\protocol\master\parallel system\history</Filter>
    </ClInclude>
    <ClInclude Include="..\samchon\protocol\master\PRMasterHistory.hpp">
      <Filter>Header Files\protocol\master\parallel system\history</Filter>
    </ClInclude>
    <ClInclude Include="..\samchon\protocol\master\PRMasterHistoryArray.hpp">
      <Filter>Header Files\protocol\master\parallel system\history</Filter>
    </ClInclude>
    <ClInclude Include="..\samchon\protocol\master\ParallelSystemArrayMediator.hpp">
      <Filter>Header Files\protocol\master\parallel system\abstract</Filter>
    </ClInclude>
    <ClInclude Include="..\samchon\protocol\master\ParallelSystemArray.hpp">
      <Filter>Header Files\protocol\master\parallel system\abstract</Filter>
    </ClInclude>
    <ClInclude Include="..\samchon\protocol\master\ParallelSystem.hpp">
      <Filter>Header Files\protocol\master\parallel system\abstract</Filter>
    </ClInclude>
    <ClInclude Include="..\samchon\protocol\master\ParallelSlaveSystemMediator.hpp">
      <Filter>Header Files\protocol\master\parallel system\abstract</Filter>
    </ClInclude>
    <ClInclude Include="..\samchon\protocol\master\ParallelClient.hpp">
      <Filter>Header Files\protocol\master\parallel system\client</Filter>
    </ClInclude>
    <ClInclude Include="..\samchon\protocol\master\ParallelClientArray.hpp">
      <Filter>Header Files\protocol\master\parallel system\client</Filter>
    </ClInclude>
    <ClInclude Include="..\samchon\protocol\master\ParallelClientArrayMediator.hpp">
      <Filter>Header Files\protocol\master\parallel system\client</Filter>
    </ClInclude>
    <ClInclude Include="..\samchon\protocol\master\ParallelSlaveClientMediator.hpp">
      <Filter>Header Files\protocol\master\parallel system\client</Filter>
    </ClInclude>
    <ClInclude Include="..\samchon\protocol\master\ParallelServer.hpp">
      <Filter>Header Files\protocol\master\parallel system\server</Filter>
    </ClInclude>
    <ClInclude Include="..\samchon\protocol\master\ParallelServerArray.hpp">
      <Filter>Header Files\protocol\master\parallel system\server</Filter>
    </ClInclude>
    <ClInclude Include="..\samchon\protocol\master\ParallelServerArrayMediator.hpp">
      <Filter>Header Files\protocol\master\parallel system\server</Filter>
    </ClInclude>
    <ClInclude Include="..\samchon\protocol\master\ParallelSlaveServerMediator.hpp">
      <Filter>Header Files\protocol\master\parallel system\server</Filter>
    </ClInclude>
    <ClInclude Include="..\samchon\protocol\master\DSInvokeHistoryArray.hpp">
      <Filter>Header Files\protocol\master\distributed system\history</Filter>
    </ClInclude>
    <ClInclude Include="..\samchon\protocol\master\DSInvokeHistory.hpp">
      <Filter>Header Files\protocol\master\distributed system\history</Filter>
    </ClInclude>
    <ClInclude Include="..\samchon\protocol\master\DistributedSystemArrayMediator.hpp">
      <Filter>Header Files\protocol\master\distributed system\abstract</Filter>
    </ClInclude>
    <ClInclude Include="..\samchon\protocol\master\DistributedSystemArray.hpp">
      <Filter>Header Files\protocol\master\distributed system\abstract</Filter>
    </ClInclude>
    <ClInclude Include="..\samchon\protocol\master\DistributedSystem.hpp">
      <Filter>Header Files\protocol\master\distributed system\abstract</Filter>
    </ClInclude>
    <ClInclude Include="..\samchon\protocol\master\DistributedSystemRole.hpp">
      <Filter>Header Files\protocol\master\distributed system\abstract</Filter>
    </ClInclude>
    <ClInclude Include="..\samchon\protocol\master\DistributedClient.hpp">
      <Filter>Header Files\protocol\master\distributed system\client</Filter>
    </ClInclude>
    <ClInclude Include="..\samchon\protocol\master\DistributedClientArray.hpp">
      <Filter>Header Files\protocol\master\distributed system\client</Filter>
    </ClInclude>
    <ClInclude Include="..\samchon\protocol\master\DistributedClientArrayMediator.hpp">
      <Filter>Header Files\protocol\master\distributed system\client</Filter>
    </ClInclude>
    <ClInclude Include="..\samchon\protocol\master\DistributedSlaveClientMediator.hpp">
      <Filter>Header Files\protocol\master\distributed system\client</Filter>
    </ClInclude>
    <ClInclude Include="..\samchon\protocol\master\DistributedServer.hpp">
      <Filter>Header Files\protocol\master\distributed system\server</Filter>
    </ClInclude>
    <ClInclude Include="..\samchon\protocol\master\DistributedServerArray.hpp">
      <Filter>Header Files\protocol\master\distributed system\server</Filter>
    </ClInclude>
    <ClInclude Include="..\samchon\protocol\master\DistributedServerArrayMediator.hpp">
      <Filter>Header Files\protocol\master\distributed system\server</Filter>
    </ClInclude>
    <ClInclude Include="..\samchon\protocol\master\DistributedSlaveServerMediator.hpp">
      <Filter>Header Files\protocol\master\distributed system\server</Filter>
    </ClInclude>
    <ClInclude Include="..\samchon\protocol\master\DistributedSlaveSystemMediator.hpp">
      <Filter>Header Files\protocol\master\distributed system\abstract</Filter>
    </ClInclude>
    <ClInclude Include="..\samchon\protocol\Entity.hpp">
      <Filter>Header Files\protocol\common\entity</Filter>
    </ClInclude>
    <ClInclude Include="..\samchon\protocol\EntityArray.hpp">
      <Filter>Header Files\protocol\common\entity</Filter>
    </ClInclude>
    <ClInclude Include="..\samchon\protocol\EntityGroup.hpp">
      <Filter>Header Files\protocol\common\entity</Filter>
    </ClInclude>
    <ClInclude Include="..\samchon\protocol\EntityList.hpp">
      <Filter>Header Files\protocol\common\entity</Filter>
    </ClInclude>
    <ClInclude Include="..\samchon\protocol\IEntityChain.hpp">
      <Filter>Header Files\protocol\common\entity</Filter>
    </ClInclude>
    <ClInclude Include="..\samchon\protocol\IEntityGroup.hpp">
      <Filter>Header Files\protocol\common\entity</Filter>
    </ClInclude>
    <ClInclude Include="..\samchon\protocol\IHTMLEntity.hpp">
      <Filter>Header Files\protocol\common\entity</Filter>
    </ClInclude>
    <ClInclude Include="..\samchon\protocol\ISQLEntity.hpp">
      <Filter>Header Files\protocol\common\entity</Filter>
    </ClInclude>
    <ClInclude Include="..\samchon\protocol\Invoke.hpp">
      <Filter>Header Files\protocol\common\invoke</Filter>
    </ClInclude>
    <ClInclude Include="..\samchon\protocol\InvokeHistory.hpp">
      <Filter>Header Files\protocol\common\invoke</Filter>
    </ClInclude>
    <ClInclude Include="..\samchon\protocol\InvokeHistoryArray.hpp">
      <Filter>Header Files\protocol\common\invoke</Filter>
    </ClInclude>
    <ClInclude Include="..\samchon\protocol\InvokeParameter.hpp">
      <Filter>Header Files\protocol\common\invoke</Filter>
    </ClInclude>
    <ClInclude Include="..\samchon\protocol\IProtocol.hpp">
      <Filter>Header Files\protocol\common\basic</Filter>
    </ClInclude>
    <ClInclude Include="..\samchon\protocol\IServer.hpp">
      <Filter>Header Files\protocol\common\basic</Filter>
    </ClInclude>
    <ClInclude Include="..\samchon\protocol\IClient.hpp">
      <Filter>Header Files\protocol\common\basic</Filter>
    </ClInclude>
    <ClInclude Include="..\samchon\protocol\ServerConnector.hpp">
      <Filter>Header Files\protocol\common\basic</Filter>
    </ClInclude>
    <ClInclude Include="..\samchon\protocol\Socket.hpp">
      <Filter>Header Files\protocol\common\miscellaneous</Filter>
    </ClInclude>
    <ClInclude Include="..\samchon\protocol\FlashPolicyServer.hpp">
      <Filter>Header Files\protocol\common\miscellaneous</Filter>
    </ClInclude>
    <ClInclude Include="..\samchon\protocol\IWebClient.hpp">
      <Filter>Header Files\protocol\common\web-socket</Filter>
    </ClInclude>
    <ClInclude Include="..\samchon\protocol\IWebClientBase.hpp">
      <Filter>Header Files\protocol\common\web-socket</Filter>
    </ClInclude>
    <ClInclude Include="..\samchon\protocol\IWebServer.hpp">
      <Filter>Header Files\protocol\common\web-socket</Filter>
    </ClInclude>
    <ClInclude Include="..\samchon\protocol\WebServerConnector.hpp">
      <Filter>Header Files\protocol\common\web-socket</Filter>
    </ClInclude>
    <ClInclude Include="..\samchon\protocol\SharedEntityList.hpp">
      <Filter>Header Files\protocol\common\entity</Filter>
    </ClInclude>
    <ClInclude Include="..\samchon\protocol\SharedEntityArray.hpp">
      <Filter>Header Files\protocol\common\entity</Filter>
    </ClInclude>
    <ClInclude Include="..\samchon\protocol\UniqueEntityArray.hpp">
      <Filter>Header Files\protocol\common\entity</Filter>
    </ClInclude>
    <ClInclude Include="..\samchon\protocol\UniqueEntityList.hpp">
      <Filter>Header Files\protocol\common\entity</Filter>
    </ClInclude>
    <ClInclude Include="..\samchon\protocol\SystemRole.hpp">
      <Filter>Header Files\protocol\common\external system\abstract</Filter>
    </ClInclude>
    <ClInclude Include="..\samchon\protocol\ExternalSystemRole.hpp">
      <Filter>Header Files\protocol\common\external system\abstract</Filter>
    </ClInclude>
    <ClInclude Include="..\samchon\protocol\ExternalSystemArray.hpp">
      <Filter>Header Files\protocol\common\external system\abstract</Filter>
    </ClInclude>
    <ClInclude Include="..\samchon\protocol\ExternalSystem.hpp">
      <Filter>Header Files\protocol\common\external system\abstract</Filter>
    </ClInclude>
    <ClInclude Include="..\samchon\protocol\ExternalServer.hpp">
      <Filter>Header Files\protocol\common\external system\server</Filter>
    </ClInclude>
    <ClInclude Include="..\samchon\protocol\ExternalServerArray.hpp">
      <Filter>Header Files\protocol\common\external system\server</Filter>
    </ClInclude>
    <ClInclude Include="..\samchon\protocol\ExternalClient.hpp">
      <Filter>Header Files\protocol\common\external system\client</Filter>
    </ClInclude>
    <ClInclude Include="..\samchon\protocol\ExternalClientArray.hpp">
      <Filter>Header Files\protocol\common\external system\client</Filter>
    </ClInclude>
    <ClInclude Include="..\samchon\library\EventDispatcher.hpp">
      <Filter>Header Files\library\common\event</Filter>
    </ClInclude>
    <ClInclude Include="..\samchon\library.hpp">
      <Filter>Header Files</Filter>
    </ClInclude>
    <ClInclude Include="..\samchon\protocol.hpp">
      <Filter>Header Files</Filter>
    </ClInclude>
    <ClInclude Include="..\samchon\namtree.hpp">
      <Filter>Header Files</Filter>
    </ClInclude>
    <ClInclude Include="..\samchon\protocol\service.hpp">
      <Filter>Header Files\protocol</Filter>
    </ClInclude>
    <ClInclude Include="..\samchon\protocol\master.hpp">
      <Filter>Header Files\protocol</Filter>
    </ClInclude>
    <ClInclude Include="..\samchon\protocol\slave.hpp">
      <Filter>Header Files\protocol</Filter>
    </ClInclude>
  </ItemGroup>
  <ItemGroup>
    <ClCompile Include="..\samchon\namtree\INTExplore.cpp">
      <Filter>Source Files\nam-tree</Filter>
    </ClCompile>
    <ClCompile Include="..\samchon\namtree\NTCriteria.cpp">
      <Filter>Source Files\nam-tree</Filter>
    </ClCompile>
    <ClCompile Include="..\samchon\namtree\NTEntityGroup.cpp">
      <Filter>Source Files\nam-tree</Filter>
    </ClCompile>
    <ClCompile Include="..\samchon\namtree\NTFactory.cpp">
      <Filter>Source Files\nam-tree</Filter>
    </ClCompile>
    <ClCompile Include="..\samchon\namtree\NTFile.cpp">
      <Filter>Source Files\nam-tree</Filter>
    </ClCompile>
    <ClCompile Include="..\samchon\namtree\NTIterator.cpp">
      <Filter>Source Files\nam-tree</Filter>
    </ClCompile>
    <ClCompile Include="..\samchon\namtree\NTParameter.cpp">
      <Filter>Source Files\nam-tree</Filter>
    </ClCompile>
    <ClCompile Include="..\samchon\namtree\NTParameterArray.cpp">
      <Filter>Source Files\nam-tree</Filter>
    </ClCompile>
    <ClCompile Include="..\samchon\namtree\NTParameterDetermined.cpp">
      <Filter>Source Files\nam-tree</Filter>
    </ClCompile>
    <ClCompile Include="..\samchon\namtree\NTSide.cpp">
      <Filter>Source Files\nam-tree</Filter>
    </ClCompile>
    <ClCompile Include="..\samchon\ByteArray.cpp">
      <Filter>Source Files\basic</Filter>
    </ClCompile>
    <ClCompile Include="..\samchon\WeakString.cpp">
      <Filter>Source Files\basic</Filter>
    </ClCompile>
    <ClCompile Include="..\samchon\library\XML.cpp">
      <Filter>Source Files\library</Filter>
    </ClCompile>
    <ClCompile Include="..\samchon\library\URLVariables.cpp">
      <Filter>Source Files\library</Filter>
    </ClCompile>
    <ClCompile Include="..\samchon\library\UniqueWriteLock.cpp">
      <Filter>Source Files\library</Filter>
    </ClCompile>
    <ClCompile Include="..\samchon\library\UniqueReadLock.cpp">
      <Filter>Source Files\library</Filter>
    </ClCompile>
    <ClCompile Include="..\samchon\library\TSQLStatement.cpp">
      <Filter>Source Files\library</Filter>
    </ClCompile>
    <ClCompile Include="..\samchon\library\TSQLi.cpp">
      <Filter>Source Files\library</Filter>
    </ClCompile>
    <ClCompile Include="..\samchon\library\StringUtil.cpp">
      <Filter>Source Files\library</Filter>
    </ClCompile>
    <ClCompile Include="..\samchon\library\SQLStatement.cpp">
      <Filter>Source Files\library</Filter>
    </ClCompile>
    <ClCompile Include="..\samchon\library\SQLi.cpp">
      <Filter>Source Files\library</Filter>
    </ClCompile>
    <ClCompile Include="..\samchon\library\SharedWriteLock.cpp">
      <Filter>Source Files\library</Filter>
    </ClCompile>
    <ClCompile Include="..\samchon\library\SharedReadLock.cpp">
      <Filter>Source Files\library</Filter>
    </ClCompile>
    <ClCompile Include="..\samchon\library\SharedAcquire.cpp">
      <Filter>Source Files\library</Filter>
    </ClCompile>
    <ClCompile Include="..\samchon\library\Semaphore.cpp">
      <Filter>Source Files\library</Filter>
    </ClCompile>
    <ClCompile Include="..\samchon\library\RWMutex.cpp">
      <Filter>Source Files\library</Filter>
    </ClCompile>
    <ClCompile Include="..\samchon\library\ProgressEvent.cpp">
      <Filter>Source Files\library</Filter>
    </ClCompile>
    <ClCompile Include="..\samchon\library\PermutationGenerator.cpp">
      <Filter>Source Files\library</Filter>
    </ClCompile>
    <ClCompile Include="..\samchon\library\Math.cpp">
      <Filter>Source Files\library</Filter>
    </ClCompile>
    <ClCompile Include="..\samchon\library\HTTPLoader.cpp">
      <Filter>Source Files\library</Filter>
    </ClCompile>
    <ClCompile Include="..\samchon\library\FTInstance.cpp">
      <Filter>Source Files\library</Filter>
    </ClCompile>
    <ClCompile Include="..\samchon\library\FTFolder.cpp">
      <Filter>Source Files\library</Filter>
    </ClCompile>
    <ClCompile Include="..\samchon\library\FTFile.cpp">
      <Filter>Source Files\library</Filter>
    </ClCompile>
    <ClCompile Include="..\samchon\library\FTFactory.cpp">
      <Filter>Source Files\library</Filter>
    </ClCompile>
    <ClCompile Include="..\samchon\library\FactorialGenerator.cpp">
      <Filter>Source Files\library</Filter>
    </ClCompile>
    <ClCompile Include="..\samchon\library\Event.cpp">
      <Filter>Source Files\library</Filter>
    </ClCompile>
    <ClCompile Include="..\samchon\library\ErrorEvent.cpp">
      <Filter>Source Files\library</Filter>
    </ClCompile>
    <ClCompile Include="..\samchon\library\Datetime.cpp">
      <Filter>Source Files\library</Filter>
    </ClCompile>
    <ClCompile Include="..\samchon\library\Date.cpp">
      <Filter>Source Files\library</Filter>
    </ClCompile>
    <ClCompile Include="..\samchon\library\CombinedPermutationGenerator.cpp">
      <Filter>Source Files\library</Filter>
    </ClCompile>
    <ClCompile Include="..\samchon\library\Charset.cpp">
      <Filter>Source Files\library</Filter>
    </ClCompile>
    <ClCompile Include="..\samchon\library\CaseGenerator.cpp">
      <Filter>Source Files\library</Filter>
    </ClCompile>
    <ClCompile Include="..\samchon\library\Base64.cpp">
      <Filter>Source Files\library</Filter>
    </ClCompile>
    <ClCompile Include="..\samchon\protocol\Entity.cpp">
      <Filter>Source Files\protocol</Filter>
    </ClCompile>
    <ClCompile Include="..\samchon\protocol\EntityGroup.cpp">
      <Filter>Source Files\protocol</Filter>
    </ClCompile>
    <ClCompile Include="..\samchon\protocol\ExternalClient.cpp">
      <Filter>Source Files\protocol</Filter>
    </ClCompile>
    <ClCompile Include="..\samchon\protocol\ExternalClientArray.cpp">
      <Filter>Source Files\protocol</Filter>
    </ClCompile>
    <ClCompile Include="..\samchon\protocol\ExternalServer.cpp">
      <Filter>Source Files\protocol</Filter>
    </ClCompile>
    <ClCompile Include="..\samchon\protocol\ExternalServerArray.cpp">
      <Filter>Source Files\protocol</Filter>
    </ClCompile>
    <ClCompile Include="..\samchon\protocol\ExternalSystem.cpp">
      <Filter>Source Files\protocol</Filter>
    </ClCompile>
    <ClCompile Include="..\samchon\protocol\ExternalSystemArray.cpp">
      <Filter>Source Files\protocol</Filter>
    </ClCompile>
    <ClCompile Include="..\samchon\protocol\ExternalSystemRole.cpp">
      <Filter>Source Files\protocol</Filter>
    </ClCompile>
    <ClCompile Include="..\samchon\protocol\FlashPolicyServer.cpp">
      <Filter>Source Files\protocol</Filter>
    </ClCompile>
    <ClCompile Include="..\samchon\protocol\IClient.cpp">
      <Filter>Source Files\protocol</Filter>
    </ClCompile>
    <ClCompile Include="..\samchon\protocol\IEntityChain.cpp">
      <Filter>Source Files\protocol</Filter>
    </ClCompile>
    <ClCompile Include="..\samchon\protocol\IEntityGroup.cpp">
      <Filter>Source Files\protocol</Filter>
    </ClCompile>
    <ClCompile Include="..\samchon\protocol\IHTMLEntity.cpp">
      <Filter>Source Files\protocol</Filter>
    </ClCompile>
    <ClCompile Include="..\samchon\protocol\Invoke.cpp">
      <Filter>Source Files\protocol</Filter>
    </ClCompile>
    <ClCompile Include="..\samchon\protocol\InvokeHistory.cpp">
      <Filter>Source Files\protocol</Filter>
    </ClCompile>
    <ClCompile Include="..\samchon\protocol\InvokeHistoryArray.cpp">
      <Filter>Source Files\protocol</Filter>
    </ClCompile>
    <ClCompile Include="..\samchon\protocol\InvokeParameter.cpp">
      <Filter>Source Files\protocol</Filter>
    </ClCompile>
    <ClCompile Include="..\samchon\protocol\IProtocol.cpp">
      <Filter>Source Files\protocol</Filter>
    </ClCompile>
    <ClCompile Include="..\samchon\protocol\IServer.cpp">
      <Filter>Source Files\protocol</Filter>
    </ClCompile>
    <ClCompile Include="..\samchon\protocol\ISQLEntity.cpp">
      <Filter>Source Files\protocol</Filter>
    </ClCompile>
    <ClCompile Include="..\samchon\protocol\IWebClientBase.cpp">
      <Filter>Source Files\protocol</Filter>
    </ClCompile>
    <ClCompile Include="..\samchon\protocol\IWebServer.cpp">
      <Filter>Source Files\protocol</Filter>
    </ClCompile>
    <ClCompile Include="..\samchon\protocol\ServerConnector.cpp">
      <Filter>Source Files\protocol</Filter>
    </ClCompile>
    <ClCompile Include="..\samchon\protocol\SystemRole.cpp">
      <Filter>Source Files\protocol</Filter>
    </ClCompile>
    <ClCompile Include="..\samchon\protocol\UniqueAcquire.cpp">
      <Filter>Source Files\protocol</Filter>
    </ClCompile>
    <ClCompile Include="..\samchon\protocol\WebServerConnector.cpp">
      <Filter>Source Files\protocol</Filter>
    </ClCompile>
    <ClCompile Include="..\samchon\protocol\master\DistributedSystem.cpp">
      <Filter>Source Files\protocol\master</Filter>
    </ClCompile>
    <ClCompile Include="..\samchon\protocol\master\DistributedSystemArray.cpp">
      <Filter>Source Files\protocol\master</Filter>
    </ClCompile>
    <ClCompile Include="..\samchon\protocol\master\DistributedSystemRole.cpp">
      <Filter>Source Files\protocol\master</Filter>
    </ClCompile>
    <ClCompile Include="..\samchon\protocol\master\DSInvokeHistory.cpp">
      <Filter>Source Files\protocol\master</Filter>
    </ClCompile>
    <ClCompile Include="..\samchon\protocol\master\DSInvokeHistoryArray.cpp">
      <Filter>Source Files\protocol\master</Filter>
    </ClCompile>
    <ClCompile Include="..\samchon\protocol\master\ParallelClient.cpp">
      <Filter>Source Files\protocol\master</Filter>
    </ClCompile>
    <ClCompile Include="..\samchon\protocol\master\ParallelClientArray.cpp">
      <Filter>Source Files\protocol\master</Filter>
    </ClCompile>
    <ClCompile Include="..\samchon\protocol\master\ParallelClientArrayMediator.cpp">
      <Filter>Source Files\protocol\master</Filter>
    </ClCompile>
    <ClCompile Include="..\samchon\protocol\master\ParallelServer.cpp">
      <Filter>Source Files\protocol\master</Filter>
    </ClCompile>
    <ClCompile Include="..\samchon\protocol\master\ParallelServerArray.cpp">
      <Filter>Source Files\protocol\master</Filter>
    </ClCompile>
    <ClCompile Include="..\samchon\protocol\master\ParallelServerArrayMediator.cpp">
      <Filter>Source Files\protocol\master</Filter>
    </ClCompile>
    <ClCompile Include="..\samchon\protocol\master\ParallelSlaveClientMediator.cpp">
      <Filter>Source Files\protocol\master</Filter>
    </ClCompile>
    <ClCompile Include="..\samchon\protocol\master\ParallelSlaveServerMediator.cpp">
      <Filter>Source Files\protocol\master</Filter>
    </ClCompile>
    <ClCompile Include="..\samchon\protocol\master\ParallelSlaveSystemMediator.cpp">
      <Filter>Source Files\protocol\master</Filter>
    </ClCompile>
    <ClCompile Include="..\samchon\protocol\master\ParallelSystem.cpp">
      <Filter>Source Files\protocol\master</Filter>
    </ClCompile>
    <ClCompile Include="..\samchon\protocol\master\ParallelSystemArray.cpp">
      <Filter>Source Files\protocol\master</Filter>
    </ClCompile>
    <ClCompile Include="..\samchon\protocol\master\ParallelSystemArrayMediator.cpp">
      <Filter>Source Files\protocol\master</Filter>
    </ClCompile>
    <ClCompile Include="..\samchon\protocol\master\PRInvokeHistory.cpp">
      <Filter>Source Files\protocol\master</Filter>
    </ClCompile>
    <ClCompile Include="..\samchon\protocol\master\PRInvokeHistoryArray.cpp">
      <Filter>Source Files\protocol\master</Filter>
    </ClCompile>
    <ClCompile Include="..\samchon\protocol\master\PRMasterHistory.cpp">
      <Filter>Source Files\protocol\master</Filter>
    </ClCompile>
    <ClCompile Include="..\samchon\protocol\master\PRMasterHistoryArray.cpp">
      <Filter>Source Files\protocol\master</Filter>
    </ClCompile>
    <ClCompile Include="..\samchon\protocol\slave\ParallelClient_slave.cpp">
      <Filter>Source Files\protocol\slave</Filter>
    </ClCompile>
    <ClCompile Include="..\samchon\protocol\slave\ParallelServer_slave.cpp">
      <Filter>Source Files\protocol\slave</Filter>
    </ClCompile>
    <ClCompile Include="..\samchon\protocol\slave\ParallelSystem_slave.cpp">
      <Filter>Source Files\protocol\slave</Filter>
    </ClCompile>
    <ClCompile Include="..\samchon\protocol\slave\SlaveClient.cpp">
      <Filter>Source Files\protocol\slave</Filter>
    </ClCompile>
    <ClCompile Include="..\samchon\protocol\slave\SlaveServer.cpp">
      <Filter>Source Files\protocol\slave</Filter>
    </ClCompile>
    <ClCompile Include="..\samchon\protocol\slave\SlaveSystem.cpp">
      <Filter>Source Files\protocol\slave</Filter>
    </ClCompile>
    <ClCompile Include="..\samchon\protocol\service\Client.cpp">
      <Filter>Source Files\protocol\service</Filter>
    </ClCompile>
    <ClCompile Include="..\samchon\protocol\service\IPUserPair.cpp">
      <Filter>Source Files\protocol\service</Filter>
    </ClCompile>
    <ClCompile Include="..\samchon\protocol\service\Server.cpp">
      <Filter>Source Files\protocol\service</Filter>
    </ClCompile>
    <ClCompile Include="..\samchon\protocol\service\Service.cpp">
      <Filter>Source Files\protocol\service</Filter>
    </ClCompile>
    <ClCompile Include="..\samchon\protocol\service\ServiceKeeper.cpp">
      <Filter>Source Files\protocol\service</Filter>
    </ClCompile>
    <ClCompile Include="..\samchon\protocol\service\ServiceRole.cpp">
      <Filter>Source Files\protocol\service</Filter>
    </ClCompile>
    <ClCompile Include="..\samchon\protocol\service\User.cpp">
      <Filter>Source Files\protocol\service</Filter>
    </ClCompile>
    <ClCompile Include="..\samchon\library\EventDispatcher.cpp">
      <Filter>Source Files\library</Filter>
    </ClCompile>
  </ItemGroup>
</Project>