<?xml version="1.0" encoding="utf-8"?>
<Project ToolsVersion="4.0" xmlns="http://schemas.microsoft.com/developer/msbuild/2003">
  <ItemGroup>
    <Filter Include="Source Files">
      <UniqueIdentifier>{4FC737F1-C7A5-4376-A066-2A32D752A2FF}</UniqueIdentifier>
      <Extensions>cpp;c;cc;cxx;def;odl;idl;hpj;bat;asm;asmx</Extensions>
    </Filter>
    <Filter Include="Header Files">
      <UniqueIdentifier>{93995380-89BD-4b04-88EB-625FBE52EBFB}</UniqueIdentifier>
      <Extensions>h;hh;hpp;hxx;hm;inl;inc;xsd</Extensions>
    </Filter>
    <Filter Include="Resource Files">
      <UniqueIdentifier>{67DA6AB6-F800-4c08-8B7A-83BB121AAD01}</UniqueIdentifier>
      <Extensions>rc;ico;cur;bmp;dlg;rc2;rct;bin;rgs;gif;jpg;jpeg;jpe;resx;tiff;tif;png;wav;mfcribbon-ms</Extensions>
    </Filter>
    <Filter Include="Header Files\library">
      <UniqueIdentifier>{a62a6eca-56c7-4e19-b79e-dd10d4eeea29}</UniqueIdentifier>
    </Filter>
    <Filter Include="Header Files\base">
      <UniqueIdentifier>{3d5e4275-6c01-4e00-93ef-f3f37771b231}</UniqueIdentifier>
    </Filter>
    <Filter Include="Source Files\base">
      <UniqueIdentifier>{d610cc23-a372-4c5f-a15b-ac5e22a7516c}</UniqueIdentifier>
    </Filter>
    <Filter Include="Source Files\library">
      <UniqueIdentifier>{42ff7417-5740-4834-a228-1c1e99995dfb}</UniqueIdentifier>
    </Filter>
    <Filter Include="Header Files\protocol">
      <UniqueIdentifier>{21da752a-45f3-4693-8c86-beb9621219ae}</UniqueIdentifier>
    </Filter>
    <Filter Include="Source Files\protocol">
      <UniqueIdentifier>{bd1d9d4f-60b2-47df-8ecc-b09f5194bac3}</UniqueIdentifier>
    </Filter>
    <Filter Include="Header Files\protocol\base">
      <UniqueIdentifier>{ea98fff6-7020-40ae-83b2-b0a7eb1316e0}</UniqueIdentifier>
    </Filter>
    <Filter Include="Header Files\protocol\master">
      <UniqueIdentifier>{12ca3956-1ed6-416c-862c-01524f027951}</UniqueIdentifier>
    </Filter>
    <Filter Include="Header Files\protocol\slave">
      <UniqueIdentifier>{d588e4f2-b42b-4a3b-a514-31801ab6aee0}</UniqueIdentifier>
    </Filter>
    <Filter Include="Source Files\protocol\base">
      <UniqueIdentifier>{0c40b20b-a90b-4e07-bffd-600c8fad8c72}</UniqueIdentifier>
    </Filter>
    <Filter Include="Source Files\protocol\master">
      <UniqueIdentifier>{9694e002-0d8e-48d7-8f03-77fe61a335e9}</UniqueIdentifier>
    </Filter>
    <Filter Include="Source Files\protocol\slave">
      <UniqueIdentifier>{b9903816-af24-4372-8528-79acacf8c406}</UniqueIdentifier>
    </Filter>
    <Filter Include="Source Files\protocol\service">
      <UniqueIdentifier>{5d5d5bca-367b-4606-ab52-6b8ffe8ae58f}</UniqueIdentifier>
    </Filter>
    <Filter Include="Header Files\protocol\service">
      <UniqueIdentifier>{adb0912b-6a58-47dd-90fc-cb17657c3599}</UniqueIdentifier>
    </Filter>
    <Filter Include="Header Files\nam-tree">
      <UniqueIdentifier>{a7943b5b-1382-4926-a1b5-b215111587c6}</UniqueIdentifier>
    </Filter>
    <Filter Include="Source Files\nam-tree">
      <UniqueIdentifier>{82c2caff-ed6a-4545-b12a-b09caefd75d7}</UniqueIdentifier>
    </Filter>
    <Filter Include="Header Files\protocol\base\entity">
      <UniqueIdentifier>{c1cd7853-9ce5-4584-a440-7d8cb96a9c12}</UniqueIdentifier>
    </Filter>
    <Filter Include="Header Files\protocol\base\invoke">
      <UniqueIdentifier>{e3ff6192-c192-41b1-aba2-8c7fc0666dbf}</UniqueIdentifier>
    </Filter>
    <Filter Include="Header Files\protocol\base\basic_components">
      <UniqueIdentifier>{5ba27523-ad37-4e74-8039-6a759afc8026}</UniqueIdentifier>
    </Filter>
    <Filter Include="Header Files\protocol\base\web_socket">
      <UniqueIdentifier>{ae0ee456-78f7-4c43-a12e-16331db111f2}</UniqueIdentifier>
    </Filter>
    <Filter Include="Header Files\protocol\base\external_system">
      <UniqueIdentifier>{de501657-17ff-4ecb-816e-2e359eeb0e27}</UniqueIdentifier>
    </Filter>
    <Filter Include="Header Files\protocol\master\parallel">
      <UniqueIdentifier>{bc8c5202-e224-4be8-b44a-071cb91b8460}</UniqueIdentifier>
    </Filter>
    <Filter Include="Header Files\protocol\master\distributed">
      <UniqueIdentifier>{50bd416b-11fb-46ff-b73e-ad050c604f6a}</UniqueIdentifier>
    </Filter>
    <Filter Include="Source Files\protocol\master\parallel">
      <UniqueIdentifier>{dcf7be07-474b-4532-95fd-3f65f335f970}</UniqueIdentifier>
    </Filter>
    <Filter Include="Source Files\protocol\master\distributed">
      <UniqueIdentifier>{ac923ec1-f6f7-4dd9-a8ae-704b9138c0be}</UniqueIdentifier>
    </Filter>
  </ItemGroup>
  <ItemGroup>
    <ClInclude Include="..\samchon\API.hpp">
      <Filter>Header Files\base</Filter>
    </ClInclude>
    <ClInclude Include="..\samchon\ByteArray.hpp">
      <Filter>Header Files\base</Filter>
    </ClInclude>
    <ClInclude Include="..\samchon\Dictionary.hpp">
      <Filter>Header Files\base</Filter>
    </ClInclude>
    <ClInclude Include="..\samchon\IndexPair.hpp">
      <Filter>Header Files\base</Filter>
    </ClInclude>
    <ClInclude Include="..\samchon\Map.hpp">
      <Filter>Header Files\base</Filter>
    </ClInclude>
    <ClInclude Include="..\samchon\Set.hpp">
      <Filter>Header Files\base</Filter>
    </ClInclude>
    <ClInclude Include="..\samchon\SmartPointer.hpp">
      <Filter>Header Files\base</Filter>
    </ClInclude>
    <ClInclude Include="..\samchon\WeakString.hpp">
      <Filter>Header Files\base</Filter>
    </ClInclude>
    <ClInclude Include="..\samchon\library\XMLList.hpp">
      <Filter>Header Files\library</Filter>
    </ClInclude>
    <ClInclude Include="..\samchon\library\XML.hpp">
      <Filter>Header Files\library</Filter>
    </ClInclude>
    <ClInclude Include="..\samchon\library\URLVariables.hpp">
      <Filter>Header Files\library</Filter>
    </ClInclude>
    <ClInclude Include="..\samchon\library\UniqueWriteLock.hpp">
      <Filter>Header Files\library</Filter>
    </ClInclude>
    <ClInclude Include="..\samchon\library\UniqueReadLock.hpp">
      <Filter>Header Files\library</Filter>
    </ClInclude>
    <ClInclude Include="..\samchon\library\UniqueAcquire.hpp">
      <Filter>Header Files\library</Filter>
    </ClInclude>
    <ClInclude Include="..\samchon\library\TSQLStatement.hpp">
      <Filter>Header Files\library</Filter>
    </ClInclude>
    <ClInclude Include="..\samchon\library\TSQLi.hpp">
      <Filter>Header Files\library</Filter>
    </ClInclude>
    <ClInclude Include="..\samchon\library\StringUtil.hpp">
      <Filter>Header Files\library</Filter>
    </ClInclude>
    <ClInclude Include="..\samchon\library\SQLStatement.hpp">
      <Filter>Header Files\library</Filter>
    </ClInclude>
    <ClInclude Include="..\samchon\library\SQLLiteConnector.hpp">
      <Filter>Header Files\library</Filter>
    </ClInclude>
    <ClInclude Include="..\samchon\library\SQLi.hpp">
      <Filter>Header Files\library</Filter>
    </ClInclude>
    <ClInclude Include="..\samchon\library\SharedWriteLock.hpp">
      <Filter>Header Files\library</Filter>
    </ClInclude>
    <ClInclude Include="..\samchon\library\SharedReadLock.hpp">
      <Filter>Header Files\library</Filter>
    </ClInclude>
    <ClInclude Include="..\samchon\library\SharedAcquire.hpp">
      <Filter>Header Files\library</Filter>
    </ClInclude>
    <ClInclude Include="..\samchon\library\Semaphore.hpp">
      <Filter>Header Files\library</Filter>
    </ClInclude>
    <ClInclude Include="..\samchon\library\RWMutex.hpp">
      <Filter>Header Files\library</Filter>
    </ClInclude>
    <ClInclude Include="..\samchon\library\ProgressEvent.hpp">
      <Filter>Header Files\library</Filter>
    </ClInclude>
    <ClInclude Include="..\samchon\library\PermutationGenerator.hpp">
      <Filter>Header Files\library</Filter>
    </ClInclude>
    <ClInclude Include="..\samchon\library\MySQLi.hpp">
      <Filter>Header Files\library</Filter>
    </ClInclude>
    <ClInclude Include="..\samchon\library\Math.hpp">
      <Filter>Header Files\library</Filter>
    </ClInclude>
    <ClInclude Include="..\samchon\library\IOperator.hpp">
      <Filter>Header Files\library</Filter>
    </ClInclude>
    <ClInclude Include="..\samchon\library\HTTPLoader.hpp">
      <Filter>Header Files\library</Filter>
    </ClInclude>
    <ClInclude Include="..\samchon\library\GeneticAlgorithm.hpp">
      <Filter>Header Files\library</Filter>
    </ClInclude>
    <ClInclude Include="..\samchon\library\GAPopulation.hpp">
      <Filter>Header Files\library</Filter>
    </ClInclude>
    <ClInclude Include="..\samchon\library\GAParameters.hpp">
      <Filter>Header Files\library</Filter>
    </ClInclude>
    <ClInclude Include="..\samchon\library\FTTextFile.hpp">
      <Filter>Header Files\library</Filter>
    </ClInclude>
    <ClInclude Include="..\samchon\library\FTInstance.hpp">
      <Filter>Header Files\library</Filter>
    </ClInclude>
    <ClInclude Include="..\samchon\library\FTFolder.hpp">
      <Filter>Header Files\library</Filter>
    </ClInclude>
    <ClInclude Include="..\samchon\library\FTFile.hpp">
      <Filter>Header Files\library</Filter>
    </ClInclude>
    <ClInclude Include="..\samchon\library\FTFactory.hpp">
      <Filter>Header Files\library</Filter>
    </ClInclude>
    <ClInclude Include="..\samchon\library\FTByteFile.hpp">
      <Filter>Header Files\library</Filter>
    </ClInclude>
    <ClInclude Include="..\samchon\library\FactorialGenerator.hpp">
      <Filter>Header Files\library</Filter>
    </ClInclude>
    <ClInclude Include="..\samchon\library\EventDispatcher.hpp">
      <Filter>Header Files\library</Filter>
    </ClInclude>
    <ClInclude Include="..\samchon\library\Event.hpp">
      <Filter>Header Files\library</Filter>
    </ClInclude>
    <ClInclude Include="..\samchon\library\ErrorEvent.hpp">
      <Filter>Header Files\library</Filter>
    </ClInclude>
    <ClInclude Include="..\samchon\library\Datetime.hpp">
      <Filter>Header Files\library</Filter>
    </ClInclude>
    <ClInclude Include="..\samchon\library\Date.hpp">
      <Filter>Header Files\library</Filter>
    </ClInclude>
    <ClInclude Include="..\samchon\library\CriticalVector.hpp">
      <Filter>Header Files\library</Filter>
    </ClInclude>
    <ClInclude Include="..\samchon\library\CriticalSet.hpp">
      <Filter>Header Files\library</Filter>
    </ClInclude>
    <ClInclude Include="..\samchon\library\CriticalMap.hpp">
      <Filter>Header Files\library</Filter>
    </ClInclude>
    <ClInclude Include="..\samchon\library\CriticalList.hpp">
      <Filter>Header Files\library</Filter>
    </ClInclude>
    <ClInclude Include="..\samchon\library\CriticalDictionary.hpp">
      <Filter>Header Files\library</Filter>
    </ClInclude>
    <ClInclude Include="..\samchon\library\CriticalAllocator.hpp">
      <Filter>Header Files\library</Filter>
    </ClInclude>
    <ClInclude Include="..\samchon\library\CombinedPermutationGenerator.hpp">
      <Filter>Header Files\library</Filter>
    </ClInclude>
    <ClInclude Include="..\samchon\library\Charset.hpp">
      <Filter>Header Files\library</Filter>
    </ClInclude>
    <ClInclude Include="..\samchon\library\CaseTree.hpp">
      <Filter>Header Files\library</Filter>
    </ClInclude>
    <ClInclude Include="..\samchon\library\CaseGenerator.hpp">
      <Filter>Header Files\library</Filter>
    </ClInclude>
    <ClInclude Include="..\samchon\library\Base64.hpp">
      <Filter>Header Files\library</Filter>
    </ClInclude>
    <ClInclude Include="..\samchon\protocol\FlashPolicyServer.hpp">
      <Filter>Header Files\protocol\base</Filter>
    </ClInclude>
    <ClInclude Include="..\samchon\protocol\Socket.hpp">
      <Filter>Header Files\protocol\base</Filter>
    </ClInclude>
    <ClInclude Include="..\samchon\protocol\slave\ParallelClient.hpp">
      <Filter>Header Files\protocol\slave</Filter>
    </ClInclude>
    <ClInclude Include="..\samchon\protocol\slave\ParallelServer.hpp">
      <Filter>Header Files\protocol\slave</Filter>
    </ClInclude>
    <ClInclude Include="..\samchon\protocol\slave\ParallelSystem.hpp">
      <Filter>Header Files\protocol\slave</Filter>
    </ClInclude>
    <ClInclude Include="..\samchon\protocol\slave\SlaveClient.hpp">
      <Filter>Header Files\protocol\slave</Filter>
    </ClInclude>
    <ClInclude Include="..\samchon\protocol\slave\SlaveServer.hpp">
      <Filter>Header Files\protocol\slave</Filter>
    </ClInclude>
    <ClInclude Include="..\samchon\protocol\slave\SlaveSystem.hpp">
      <Filter>Header Files\protocol\slave</Filter>
    </ClInclude>
    <ClInclude Include="..\samchon\protocol\service\Client.hpp">
      <Filter>Header Files\protocol\service</Filter>
    </ClInclude>
    <ClInclude Include="..\samchon\protocol\service\IPUserPair.hpp">
      <Filter>Header Files\protocol\service</Filter>
    </ClInclude>
    <ClInclude Include="..\samchon\protocol\service\Server.hpp">
      <Filter>Header Files\protocol\service</Filter>
    </ClInclude>
    <ClInclude Include="..\samchon\protocol\service\Service.hpp">
      <Filter>Header Files\protocol\service</Filter>
    </ClInclude>
    <ClInclude Include="..\samchon\protocol\service\ServiceKeeper.hpp">
      <Filter>Header Files\protocol\service</Filter>
    </ClInclude>
    <ClInclude Include="..\samchon\protocol\service\ServiceRole.hpp">
      <Filter>Header Files\protocol\service</Filter>
    </ClInclude>
    <ClInclude Include="..\samchon\protocol\service\User.hpp">
      <Filter>Header Files\protocol\service</Filter>
    </ClInclude>
    <ClInclude Include="..\samchon\namtree\INTExplore.hpp">
      <Filter>Header Files\nam-tree</Filter>
    </ClInclude>
    <ClInclude Include="..\samchon\namtree\NTCriteria.hpp">
      <Filter>Header Files\nam-tree</Filter>
    </ClInclude>
    <ClInclude Include="..\samchon\namtree\NTEntityGroup.hpp">
      <Filter>Header Files\nam-tree</Filter>
    </ClInclude>
    <ClInclude Include="..\samchon\namtree\NTFactory.hpp">
      <Filter>Header Files\nam-tree</Filter>
    </ClInclude>
    <ClInclude Include="..\samchon\namtree\NTFile.hpp">
      <Filter>Header Files\nam-tree</Filter>
    </ClInclude>
    <ClInclude Include="..\samchon\namtree\NTIterator.hpp">
      <Filter>Header Files\nam-tree</Filter>
    </ClInclude>
    <ClInclude Include="..\samchon\namtree\NTParameter.hpp">
      <Filter>Header Files\nam-tree</Filter>
    </ClInclude>
    <ClInclude Include="..\samchon\namtree\NTParameterArray.hpp">
      <Filter>Header Files\nam-tree</Filter>
    </ClInclude>
    <ClInclude Include="..\samchon\namtree\NTParameterDetermined.hpp">
      <Filter>Header Files\nam-tree</Filter>
    </ClInclude>
    <ClInclude Include="..\samchon\namtree\NTSide.hpp">
      <Filter>Header Files\nam-tree</Filter>
    </ClInclude>
    <ClInclude Include="..\samchon\protocol\Entity.hpp">
      <Filter>Header Files\protocol\base\entity</Filter>
    </ClInclude>
    <ClInclude Include="..\samchon\protocol\EntityArray.hpp">
      <Filter>Header Files\protocol\base\entity</Filter>
    </ClInclude>
    <ClInclude Include="..\samchon\protocol\EntityGroup.hpp">
      <Filter>Header Files\protocol\base\entity</Filter>
    </ClInclude>
    <ClInclude Include="..\samchon\protocol\EntityList.hpp">
      <Filter>Header Files\protocol\base\entity</Filter>
    </ClInclude>
    <ClInclude Include="..\samchon\protocol\UniqueEntityArray.hpp">
      <Filter>Header Files\protocol\base\entity</Filter>
    </ClInclude>
    <ClInclude Include="..\samchon\protocol\UniqueEntityList.hpp">
      <Filter>Header Files\protocol\base\entity</Filter>
    </ClInclude>
    <ClInclude Include="..\samchon\protocol\SharedEntityList.hpp">
      <Filter>Header Files\protocol\base\entity</Filter>
    </ClInclude>
    <ClInclude Include="..\samchon\protocol\SharedEntityArray.hpp">
      <Filter>Header Files\protocol\base\entity</Filter>
    </ClInclude>
    <ClInclude Include="..\samchon\protocol\Invoke.hpp">
      <Filter>Header Files\protocol\base\invoke</Filter>
    </ClInclude>
    <ClInclude Include="..\samchon\protocol\InvokeHistory.hpp">
      <Filter>Header Files\protocol\base\invoke</Filter>
    </ClInclude>
    <ClInclude Include="..\samchon\protocol\InvokeHistoryArray.hpp">
      <Filter>Header Files\protocol\base\invoke</Filter>
    </ClInclude>
    <ClInclude Include="..\samchon\protocol\InvokeParameter.hpp">
      <Filter>Header Files\protocol\base\invoke</Filter>
    </ClInclude>
    <ClInclude Include="..\samchon\protocol\IProtocol.hpp">
      <Filter>Header Files\protocol\base\basic_components</Filter>
    </ClInclude>
    <ClInclude Include="..\samchon\protocol\IServer.hpp">
      <Filter>Header Files\protocol\base\basic_components</Filter>
    </ClInclude>
    <ClInclude Include="..\samchon\protocol\IClient.hpp">
      <Filter>Header Files\protocol\base\basic_components</Filter>
    </ClInclude>
    <ClInclude Include="..\samchon\protocol\ServerConnector.hpp">
      <Filter>Header Files\protocol\base\basic_components</Filter>
    </ClInclude>
    <ClInclude Include="..\samchon\protocol\IWebServer.hpp">
      <Filter>Header Files\protocol\base\web_socket</Filter>
    </ClInclude>
    <ClInclude Include="..\samchon\protocol\IWebClient.hpp">
      <Filter>Header Files\protocol\base\web_socket</Filter>
    </ClInclude>
    <ClInclude Include="..\samchon\protocol\IWebClientBase.hpp">
      <Filter>Header Files\protocol\base\web_socket</Filter>
    </ClInclude>
    <ClInclude Include="..\samchon\protocol\IEntityChain.hpp">
      <Filter>Header Files\protocol\base\entity</Filter>
    </ClInclude>
    <ClInclude Include="..\samchon\protocol\IEntityGroup.hpp">
      <Filter>Header Files\protocol\base\entity</Filter>
    </ClInclude>
    <ClInclude Include="..\samchon\protocol\IHTMLEntity.hpp">
      <Filter>Header Files\protocol\base\entity</Filter>
    </ClInclude>
    <ClInclude Include="..\samchon\protocol\ISQLEntity.hpp">
      <Filter>Header Files\protocol\base\entity</Filter>
    </ClInclude>
    <ClInclude Include="..\samchon\protocol\ExternalClient.hpp">
      <Filter>Header Files\protocol\base\external_system</Filter>
    </ClInclude>
    <ClInclude Include="..\samchon\protocol\ExternalClientArray.hpp">
      <Filter>Header Files\protocol\base\external_system</Filter>
    </ClInclude>
    <ClInclude Include="..\samchon\protocol\ExternalServer.hpp">
      <Filter>Header Files\protocol\base\external_system</Filter>
    </ClInclude>
    <ClInclude Include="..\samchon\protocol\ExternalServerArray.hpp">
      <Filter>Header Files\protocol\base\external_system</Filter>
    </ClInclude>
    <ClInclude Include="..\samchon\protocol\ExternalSystem.hpp">
      <Filter>Header Files\protocol\base\external_system</Filter>
    </ClInclude>
    <ClInclude Include="..\samchon\protocol\ExternalSystemArray.hpp">
      <Filter>Header Files\protocol\base\external_system</Filter>
    </ClInclude>
    <ClInclude Include="..\samchon\protocol\ExternalSystemRole.hpp">
      <Filter>Header Files\protocol\base\external_system</Filter>
    </ClInclude>
    <ClInclude Include="..\samchon\protocol\SystemRole.hpp">
      <Filter>Header Files\protocol\base\external_system</Filter>
    </ClInclude>
    <ClInclude Include="..\samchon\protocol\WebServerConnector.hpp">
      <Filter>Header Files\protocol\base\web_socket</Filter>
    </ClInclude>
    <ClInclude Include="..\samchon\protocol\master\DistributedClient.hpp">
      <Filter>Header Files\protocol\master\distributed</Filter>
    </ClInclude>
    <ClInclude Include="..\samchon\protocol\master\DistributedClientArray.hpp">
      <Filter>Header Files\protocol\master\distributed</Filter>
    </ClInclude>
    <ClInclude Include="..\samchon\protocol\master\DistributedClientArrayMediator.hpp">
      <Filter>Header Files\protocol\master\distributed</Filter>
    </ClInclude>
    <ClInclude Include="..\samchon\protocol\master\DistributedServer.hpp">
      <Filter>Header Files\protocol\master\distributed</Filter>
    </ClInclude>
    <ClInclude Include="..\samchon\protocol\master\DistributedServerArray.hpp">
      <Filter>Header Files\protocol\master\distributed</Filter>
    </ClInclude>
    <ClInclude Include="..\samchon\protocol\master\DistributedServerArrayMediator.hpp">
      <Filter>Header Files\protocol\master\distributed</Filter>
    </ClInclude>
    <ClInclude Include="..\samchon\protocol\master\DistributedSlaveClientMediator.hpp">
      <Filter>Header Files\protocol\master\distributed</Filter>
    </ClInclude>
    <ClInclude Include="..\samchon\protocol\master\DistributedSlaveServerMediator.hpp">
      <Filter>Header Files\protocol\master\distributed</Filter>
    </ClInclude>
    <ClInclude Include="..\samchon\protocol\master\DistributedSlaveSystemMediator.hpp">
      <Filter>Header Files\protocol\master\distributed</Filter>
    </ClInclude>
    <ClInclude Include="..\samchon\protocol\master\DistributedSystem.hpp">
      <Filter>Header Files\protocol\master\distributed</Filter>
    </ClInclude>
    <ClInclude Include="..\samchon\protocol\master\DistributedSystemArray.hpp">
      <Filter>Header Files\protocol\master\distributed</Filter>
    </ClInclude>
    <ClInclude Include="..\samchon\protocol\master\DistributedSystemArrayMediator.hpp">
      <Filter>Header Files\protocol\master\distributed</Filter>
    </ClInclude>
    <ClInclude Include="..\samchon\protocol\master\DistributedSystemRole.hpp">
      <Filter>Header Files\protocol\master\distributed</Filter>
    </ClInclude>
    <ClInclude Include="..\samchon\protocol\master\DSInvokeHistory.hpp">
      <Filter>Header Files\protocol\master\distributed</Filter>
    </ClInclude>
    <ClInclude Include="..\samchon\protocol\master\DSInvokeHistory-DESKTOP-3MP6UH0.hpp">
      <Filter>Header Files\protocol\master\distributed</Filter>
    </ClInclude>
    <ClInclude Include="..\samchon\protocol\master\DSInvokeHistoryList.hpp">
      <Filter>Header Files\protocol\master\distributed</Filter>
    </ClInclude>
    <ClInclude Include="..\samchon\protocol\master\PRMasterHistoryArray.hpp">
      <Filter>Header Files\protocol\master\parallel</Filter>
    </ClInclude>
    <ClInclude Include="..\samchon\protocol\master\ParallelClient.hpp">
      <Filter>Header Files\protocol\master\parallel</Filter>
    </ClInclude>
    <ClInclude Include="..\samchon\protocol\master\ParallelClientArray.hpp">
      <Filter>Header Files\protocol\master\parallel</Filter>
    </ClInclude>
    <ClInclude Include="..\samchon\protocol\master\ParallelClientArrayMediator.hpp">
      <Filter>Header Files\protocol\master\parallel</Filter>
    </ClInclude>
    <ClInclude Include="..\samchon\protocol\master\ParallelServer.hpp">
      <Filter>Header Files\protocol\master\parallel</Filter>
    </ClInclude>
    <ClInclude Include="..\samchon\protocol\master\ParallelServerArray.hpp">
      <Filter>Header Files\protocol\master\parallel</Filter>
    </ClInclude>
    <ClInclude Include="..\samchon\protocol\master\ParallelServerArrayMediator.hpp">
      <Filter>Header Files\protocol\master\parallel</Filter>
    </ClInclude>
    <ClInclude Include="..\samchon\protocol\master\ParallelSlaveClientMediator.hpp">
      <Filter>Header Files\protocol\master\parallel</Filter>
    </ClInclude>
    <ClInclude Include="..\samchon\protocol\master\ParallelSlaveServerMediator.hpp">
      <Filter>Header Files\protocol\master\parallel</Filter>
    </ClInclude>
    <ClInclude Include="..\samchon\protocol\master\ParallelSlaveSystemMediator.hpp">
      <Filter>Header Files\protocol\master\parallel</Filter>
    </ClInclude>
    <ClInclude Include="..\samchon\protocol\master\ParallelSystem.hpp">
      <Filter>Header Files\protocol\master\parallel</Filter>
    </ClInclude>
    <ClInclude Include="..\samchon\protocol\master\ParallelSystemArray.hpp">
      <Filter>Header Files\protocol\master\parallel</Filter>
    </ClInclude>
    <ClInclude Include="..\samchon\protocol\master\ParallelSystemArrayMediator.hpp">
      <Filter>Header Files\protocol\master\parallel</Filter>
    </ClInclude>
    <ClInclude Include="..\samchon\protocol\master\PRInvokeHistory.hpp">
      <Filter>Header Files\protocol\master\parallel</Filter>
    </ClInclude>
    <ClInclude Include="..\samchon\protocol\master\PRInvokeHistoryArray.hpp">
      <Filter>Header Files\protocol\master\parallel</Filter>
    </ClInclude>
    <ClInclude Include="..\samchon\protocol\master\PRMasterHistory.hpp">
      <Filter>Header Files\protocol\master\parallel</Filter>
    </ClInclude>
  </ItemGroup>
  <ItemGroup>
    <ClCompile Include="..\samchon\ByteArray.cpp">
      <Filter>Source Files\base</Filter>
    </ClCompile>
    <ClCompile Include="..\samchon\WeakString.cpp">
      <Filter>Source Files\base</Filter>
    </ClCompile>
    <ClCompile Include="..\samchon\library\XML.cpp">
      <Filter>Source Files\library</Filter>
    </ClCompile>
    <ClCompile Include="..\samchon\library\URLVariables.cpp">
      <Filter>Source Files\library</Filter>
    </ClCompile>
    <ClCompile Include="..\samchon\library\UniqueWriteLock.cpp">
      <Filter>Source Files\library</Filter>
    </ClCompile>
    <ClCompile Include="..\samchon\library\UniqueReadLock.cpp">
      <Filter>Source Files\library</Filter>
    </ClCompile>
    <ClCompile Include="..\samchon\library\StringUtil.cpp">
      <Filter>Source Files\library</Filter>
    </ClCompile>
    <ClCompile Include="..\samchon\library\SQLStatement.cpp">
      <Filter>Source Files\library</Filter>
    </ClCompile>
    <ClCompile Include="..\samchon\library\SQLi.cpp">
      <Filter>Source Files\library</Filter>
    </ClCompile>
    <ClCompile Include="..\samchon\library\SharedWriteLock.cpp">
      <Filter>Source Files\library</Filter>
    </ClCompile>
    <ClCompile Include="..\samchon\library\SharedReadLock.cpp">
      <Filter>Source Files\library</Filter>
    </ClCompile>
    <ClCompile Include="..\samchon\library\SharedAcquire.cpp">
      <Filter>Source Files\library</Filter>
    </ClCompile>
    <ClCompile Include="..\samchon\library\Semaphore.cpp">
      <Filter>Source Files\library</Filter>
    </ClCompile>
    <ClCompile Include="..\samchon\library\RWMutex.cpp">
      <Filter>Source Files\library</Filter>
    </ClCompile>
    <ClCompile Include="..\samchon\library\ProgressEvent.cpp">
      <Filter>Source Files\library</Filter>
    </ClCompile>
    <ClCompile Include="..\samchon\library\PermutationGenerator.cpp">
      <Filter>Source Files\library</Filter>
    </ClCompile>
    <ClCompile Include="..\samchon\library\MSSQLStatement.cpp">
      <Filter>Source Files\library</Filter>
    </ClCompile>
    <ClCompile Include="..\samchon\library\MSSQLi.cpp">
      <Filter>Source Files\library</Filter>
    </ClCompile>
    <ClCompile Include="..\samchon\library\Math.cpp">
      <Filter>Source Files\library</Filter>
    </ClCompile>
    <ClCompile Include="..\samchon\library\HTTPLoader.cpp">
      <Filter>Source Files\library</Filter>
    </ClCompile>
    <ClCompile Include="..\samchon\library\FTInstance.cpp">
      <Filter>Source Files\library</Filter>
    </ClCompile>
    <ClCompile Include="..\samchon\library\FTFolder.cpp">
      <Filter>Source Files\library</Filter>
    </ClCompile>
    <ClCompile Include="..\samchon\library\FTFile.cpp">
      <Filter>Source Files\library</Filter>
    </ClCompile>
    <ClCompile Include="..\samchon\library\FTFactory.cpp">
      <Filter>Source Files\library</Filter>
    </ClCompile>
    <ClCompile Include="..\samchon\library\FactorialGenerator.cpp">
      <Filter>Source Files\library</Filter>
    </ClCompile>
    <ClCompile Include="..\samchon\library\EventDispatcher.cpp">
      <Filter>Source Files\library</Filter>
    </ClCompile>
    <ClCompile Include="..\samchon\library\Event.cpp">
      <Filter>Source Files\library</Filter>
    </ClCompile>
    <ClCompile Include="..\samchon\library\ErrorEvent.cpp">
      <Filter>Source Files\library</Filter>
    </ClCompile>
    <ClCompile Include="..\samchon\library\Datetime.cpp">
      <Filter>Source Files\library</Filter>
    </ClCompile>
    <ClCompile Include="..\samchon\library\Date.cpp">
      <Filter>Source Files\library</Filter>
    </ClCompile>
    <ClCompile Include="..\samchon\library\CombinedPermutationGenerator.cpp">
      <Filter>Source Files\library</Filter>
    </ClCompile>
    <ClCompile Include="..\samchon\library\CaseGenerator.cpp">
      <Filter>Source Files\library</Filter>
    </ClCompile>
    <ClCompile Include="..\samchon\library\Base64.cpp">
      <Filter>Source Files\library</Filter>
    </ClCompile>
    <ClCompile Include="..\samchon\protocol\Entity.cpp">
      <Filter>Source Files\protocol\base</Filter>
    </ClCompile>
    <ClCompile Include="..\samchon\protocol\EntityGroup.cpp">
      <Filter>Source Files\protocol\base</Filter>
    </ClCompile>
    <ClCompile Include="..\samchon\protocol\ExternalClient.cpp">
      <Filter>Source Files\protocol\base</Filter>
    </ClCompile>
    <ClCompile Include="..\samchon\protocol\ExternalClientArray.cpp">
      <Filter>Source Files\protocol\base</Filter>
    </ClCompile>
    <ClCompile Include="..\samchon\protocol\ExternalServer.cpp">
      <Filter>Source Files\protocol\base</Filter>
    </ClCompile>
    <ClCompile Include="..\samchon\protocol\ExternalServerArray.cpp">
      <Filter>Source Files\protocol\base</Filter>
    </ClCompile>
    <ClCompile Include="..\samchon\protocol\ExternalSystem.cpp">
      <Filter>Source Files\protocol\base</Filter>
    </ClCompile>
    <ClCompile Include="..\samchon\protocol\ExternalSystemArray.cpp">
      <Filter>Source Files\protocol\base</Filter>
    </ClCompile>
    <ClCompile Include="..\samchon\protocol\ExternalSystemRole.cpp">
      <Filter>Source Files\protocol\base</Filter>
    </ClCompile>
    <ClCompile Include="..\samchon\protocol\FlashPolicyServer.cpp">
      <Filter>Source Files\protocol\base</Filter>
    </ClCompile>
    <ClCompile Include="..\samchon\protocol\IClient.cpp">
      <Filter>Source Files\protocol\base</Filter>
    </ClCompile>
    <ClCompile Include="..\samchon\protocol\IEntityChain.cpp">
      <Filter>Source Files\protocol\base</Filter>
    </ClCompile>
    <ClCompile Include="..\samchon\protocol\IEntityGroup.cpp">
      <Filter>Source Files\protocol\base</Filter>
    </ClCompile>
    <ClCompile Include="..\samchon\protocol\IHTMLEntity.cpp">
      <Filter>Source Files\protocol\base</Filter>
    </ClCompile>
    <ClCompile Include="..\samchon\protocol\Invoke.cpp">
      <Filter>Source Files\protocol\base</Filter>
    </ClCompile>
    <ClCompile Include="..\samchon\protocol\InvokeHistory.cpp">
      <Filter>Source Files\protocol\base</Filter>
    </ClCompile>
    <ClCompile Include="..\samchon\protocol\InvokeHistoryArray.cpp">
      <Filter>Source Files\protocol\base</Filter>
    </ClCompile>
    <ClCompile Include="..\samchon\protocol\InvokeParameter.cpp">
      <Filter>Source Files\protocol\base</Filter>
    </ClCompile>
    <ClCompile Include="..\samchon\protocol\IProtocol.cpp">
      <Filter>Source Files\protocol\base</Filter>
    </ClCompile>
    <ClCompile Include="..\samchon\protocol\IServer.cpp">
      <Filter>Source Files\protocol\base</Filter>
    </ClCompile>
    <ClCompile Include="..\samchon\protocol\ISQLEntity.cpp">
      <Filter>Source Files\protocol\base</Filter>
    </ClCompile>
    <ClCompile Include="..\samchon\protocol\IWebClientBase.cpp">
      <Filter>Source Files\protocol\base</Filter>
    </ClCompile>
    <ClCompile Include="..\samchon\protocol\IWebServer.cpp">
      <Filter>Source Files\protocol\base</Filter>
    </ClCompile>
    <ClCompile Include="..\samchon\protocol\ServerConnector.cpp">
      <Filter>Source Files\protocol\base</Filter>
    </ClCompile>
    <ClCompile Include="..\samchon\protocol\SystemRole.cpp">
      <Filter>Source Files\protocol\base</Filter>
    </ClCompile>
    <ClCompile Include="..\samchon\protocol\UniqueAcquire.cpp">
      <Filter>Source Files\protocol\base</Filter>
    </ClCompile>
    <ClCompile Include="..\samchon\protocol\WebServerConnector.cpp">
      <Filter>Source Files\protocol\base</Filter>
    </ClCompile>
    <ClCompile Include="..\samchon\protocol\slave\ParallelClient_slave.cpp">
      <Filter>Source Files\protocol\slave</Filter>
    </ClCompile>
    <ClCompile Include="..\samchon\protocol\slave\ParallelServer_slave.cpp">
      <Filter>Source Files\protocol\slave</Filter>
    </ClCompile>
    <ClCompile Include="..\samchon\protocol\slave\ParallelSystem_slave.cpp">
      <Filter>Source Files\protocol\slave</Filter>
    </ClCompile>
    <ClCompile Include="..\samchon\protocol\slave\SlaveClient.cpp">
      <Filter>Source Files\protocol\slave</Filter>
    </ClCompile>
    <ClCompile Include="..\samchon\protocol\slave\SlaveServer.cpp">
      <Filter>Source Files\protocol\slave</Filter>
    </ClCompile>
    <ClCompile Include="..\samchon\protocol\slave\SlaveSystem.cpp">
      <Filter>Source Files\protocol\slave</Filter>
    </ClCompile>
    <ClCompile Include="..\samchon\protocol\master\DSInvokeHistory.cpp">
      <Filter>Source Files\protocol\master</Filter>
    </ClCompile>
    <ClCompile Include="..\samchon\protocol\service\Client.cpp">
      <Filter>Source Files\protocol\service</Filter>
    </ClCompile>
    <ClCompile Include="..\samchon\protocol\service\IPUserPair.cpp">
      <Filter>Source Files\protocol\service</Filter>
    </ClCompile>
    <ClCompile Include="..\samchon\protocol\service\Server.cpp">
      <Filter>Source Files\protocol\service</Filter>
    </ClCompile>
    <ClCompile Include="..\samchon\protocol\service\Service.cpp">
      <Filter>Source Files\protocol\service</Filter>
    </ClCompile>
    <ClCompile Include="..\samchon\protocol\service\ServiceKeeper.cpp">
      <Filter>Source Files\protocol\service</Filter>
    </ClCompile>
    <ClCompile Include="..\samchon\protocol\service\ServiceRole.cpp">
      <Filter>Source Files\protocol\service</Filter>
    </ClCompile>
    <ClCompile Include="..\samchon\protocol\service\User.cpp">
      <Filter>Source Files\protocol\service</Filter>
    </ClCompile>
    <ClCompile Include="..\samchon\namtree\INTExplore.cpp">
      <Filter>Source Files\nam-tree</Filter>
    </ClCompile>
    <ClCompile Include="..\samchon\namtree\NTCriteria.cpp">
      <Filter>Source Files\nam-tree</Filter>
    </ClCompile>
    <ClCompile Include="..\samchon\namtree\NTEntityGroup.cpp">
      <Filter>Source Files\nam-tree</Filter>
    </ClCompile>
    <ClCompile Include="..\samchon\namtree\NTFactory.cpp">
      <Filter>Source Files\nam-tree</Filter>
    </ClCompile>
    <ClCompile Include="..\samchon\namtree\NTFile.cpp">
      <Filter>Source Files\nam-tree</Filter>
    </ClCompile>
    <ClCompile Include="..\samchon\namtree\NTIterator.cpp">
      <Filter>Source Files\nam-tree</Filter>
    </ClCompile>
    <ClCompile Include="..\samchon\namtree\NTParameter.cpp">
      <Filter>Source Files\nam-tree</Filter>
    </ClCompile>
    <ClCompile Include="..\samchon\namtree\NTParameterArray.cpp">
      <Filter>Source Files\nam-tree</Filter>
    </ClCompile>
    <ClCompile Include="..\samchon\namtree\NTParameterDetermined.cpp">
      <Filter>Source Files\nam-tree</Filter>
    </ClCompile>
    <ClCompile Include="..\samchon\namtree\NTSide.cpp">
      <Filter>Source Files\nam-tree</Filter>
    </ClCompile>
    <ClCompile Include="..\samchon\protocol\master\ParallelClient.cpp">
      <Filter>Source Files\protocol\master\parallel</Filter>
    </ClCompile>
    <ClCompile Include="..\samchon\protocol\master\ParallelClientArray.cpp">
      <Filter>Source Files\protocol\master\parallel</Filter>
    </ClCompile>
    <ClCompile Include="..\samchon\protocol\master\ParallelClientArrayMediator.cpp">
      <Filter>Source Files\protocol\master\parallel</Filter>
    </ClCompile>
    <ClCompile Include="..\samchon\protocol\master\ParallelServer.cpp">
      <Filter>Source Files\protocol\master\parallel</Filter>
    </ClCompile>
    <ClCompile Include="..\samchon\protocol\master\ParallelServerArray.cpp">
      <Filter>Source Files\protocol\master\parallel</Filter>
    </ClCompile>
    <ClCompile Include="..\samchon\protocol\master\ParallelServerArrayMediator.cpp">
      <Filter>Source Files\protocol\master\parallel</Filter>
    </ClCompile>
    <ClCompile Include="..\samchon\protocol\master\ParallelSlaveClientMediator.cpp">
      <Filter>Source Files\protocol\master\parallel</Filter>
    </ClCompile>
    <ClCompile Include="..\samchon\protocol\master\ParallelSlaveServerMediator.cpp">
      <Filter>Source Files\protocol\master\parallel</Filter>
    </ClCompile>
    <ClCompile Include="..\samchon\protocol\master\ParallelSlaveSystemMediator.cpp">
      <Filter>Source Files\protocol\master\parallel</Filter>
    </ClCompile>
    <ClCompile Include="..\samchon\protocol\master\ParallelSystem.cpp">
      <Filter>Source Files\protocol\master\parallel</Filter>
    </ClCompile>
    <ClCompile Include="..\samchon\protocol\master\ParallelSystemArray.cpp">
      <Filter>Source Files\protocol\master\parallel</Filter>
    </ClCompile>
    <ClCompile Include="..\samchon\protocol\master\ParallelSystemArrayMediator.cpp">
      <Filter>Source Files\protocol\master\parallel</Filter>
    </ClCompile>
    <ClCompile Include="..\samchon\protocol\master\PRInvokeHistory.cpp">
      <Filter>Source Files\protocol\master\parallel</Filter>
    </ClCompile>
    <ClCompile Include="..\samchon\protocol\master\PRInvokeHistoryArray.cpp">
      <Filter>Source Files\protocol\master\parallel</Filter>
    </ClCompile>
    <ClCompile Include="..\samchon\protocol\master\PRMasterHistory.cpp">
      <Filter>Source Files\protocol\master\parallel</Filter>
    </ClCompile>
    <ClCompile Include="..\samchon\protocol\master\PRMasterHistoryArray.cpp">
      <Filter>Source Files\protocol\master\parallel</Filter>
    </ClCompile>
  </ItemGroup>
</Project>