<?xml version="1.0" encoding="utf-8"?>
<Project ToolsVersion="4.0" xmlns="http://schemas.microsoft.com/developer/msbuild/2003">
  <ItemGroup>
    <Filter Include="Source Files">
      <UniqueIdentifier>{4FC737F1-C7A5-4376-A066-2A32D752A2FF}</UniqueIdentifier>
      <Extensions>cpp;c;cc;cxx;def;odl;idl;hpj;bat;asm;asmx</Extensions>
    </Filter>
    <Filter Include="Header Files">
      <UniqueIdentifier>{93995380-89BD-4b04-88EB-625FBE52EBFB}</UniqueIdentifier>
      <Extensions>h;hh;hpp;hxx;hm;inl;inc;xsd</Extensions>
    </Filter>
    <Filter Include="Resource Files">
      <UniqueIdentifier>{67DA6AB6-F800-4c08-8B7A-83BB121AAD01}</UniqueIdentifier>
      <Extensions>rc;ico;cur;bmp;dlg;rc2;rct;bin;rgs;gif;jpg;jpeg;jpe;resx;tiff;tif;png;wav;mfcribbon-ms</Extensions>
    </Filter>
    <Filter Include="Header Files\library">
      <UniqueIdentifier>{73590917-405b-4654-96f7-6366c0b9fc38}</UniqueIdentifier>
    </Filter>
    <Filter Include="Header Files\basic">
      <UniqueIdentifier>{fb8fb87d-2054-4a03-914f-cfc5c7092dce}</UniqueIdentifier>
    </Filter>
    <Filter Include="Source Files\library">
      <UniqueIdentifier>{a21837fe-8bc4-4739-bcf7-ae9647c60470}</UniqueIdentifier>
    </Filter>
    <Filter Include="Source Files\protocol">
      <UniqueIdentifier>{c35b6017-713e-4af8-a1f6-86777aeb689a}</UniqueIdentifier>
    </Filter>
    <Filter Include="Header Files\library\data">
      <UniqueIdentifier>{a56c39d1-8abc-460d-9972-4646d1310950}</UniqueIdentifier>
    </Filter>
    <Filter Include="Header Files\library\data\sql">
      <UniqueIdentifier>{ac87c6cc-79a6-41af-929f-a36495a289ec}</UniqueIdentifier>
    </Filter>
    <Filter Include="Header Files\library\data\xml">
      <UniqueIdentifier>{abe000bf-581a-4a03-b78a-1f46e78c40f8}</UniqueIdentifier>
    </Filter>
    <Filter Include="Header Files\library\data\http">
      <UniqueIdentifier>{8df2c485-60a9-48a8-b1e5-38f70a23a423}</UniqueIdentifier>
    </Filter>
    <Filter Include="Header Files\library\data\datetime">
      <UniqueIdentifier>{99f5c8a0-727a-4788-a079-290054c2572b}</UniqueIdentifier>
    </Filter>
    <Filter Include="Header Files\library\utils">
      <UniqueIdentifier>{ce2c988a-fb6a-411d-95bb-588dfc52d835}</UniqueIdentifier>
    </Filter>
    <Filter Include="Header Files\library\utils\string">
      <UniqueIdentifier>{2e2af994-b0b8-4fa7-a703-57ac927dc75f}</UniqueIdentifier>
    </Filter>
    <Filter Include="Header Files\library\data\common">
      <UniqueIdentifier>{2802d471-4115-4207-8883-d33cd2bb08e2}</UniqueIdentifier>
    </Filter>
    <Filter Include="Header Files\library\data\common\critical section">
      <UniqueIdentifier>{ebb9c0ef-0284-46c5-9f26-0f4ce6f16609}</UniqueIdentifier>
    </Filter>
    <Filter Include="Header Files\library\data\common\critical section\container">
      <UniqueIdentifier>{2ff36964-b86d-4387-8c3d-dcd821118953}</UniqueIdentifier>
    </Filter>
    <Filter Include="Header Files\library\data\common\critical section\unique &amp; shared lock">
      <UniqueIdentifier>{7f7bac72-f20a-442c-bab0-61f4e660d126}</UniqueIdentifier>
    </Filter>
    <Filter Include="Source Files\library\sql interface">
      <UniqueIdentifier>{84878e71-78cc-42dd-9ffa-13edf0a806b3}</UniqueIdentifier>
    </Filter>
    <Filter Include="Source Files\library\event">
      <UniqueIdentifier>{6db1a076-2e83-490b-b23a-aff7540f83d1}</UniqueIdentifier>
    </Filter>
    <Filter Include="Source Files\library\miscellaneous">
      <UniqueIdentifier>{76aa68bc-8e60-4ffe-878b-f4d3c20c68ef}</UniqueIdentifier>
    </Filter>
    <Filter Include="Header Files\library\events">
      <UniqueIdentifier>{70cdb311-f894-4ac3-8ec6-a976e9c6e893}</UniqueIdentifier>
    </Filter>
    <Filter Include="Source Files\protocol\miscellaneous">
      <UniqueIdentifier>{1da58373-c0ad-44ae-bcc2-7d1e5b506578}</UniqueIdentifier>
    </Filter>
    <Filter Include="Header Files\protocol">
      <UniqueIdentifier>{66fdd2e8-87a6-4e2f-a6ab-1586c9334686}</UniqueIdentifier>
    </Filter>
    <Filter Include="Header Files\library\math">
      <UniqueIdentifier>{ecb824e6-f3f4-4009-a922-dfcdab698402}</UniqueIdentifier>
    </Filter>
    <Filter Include="Header Files\library\math\genetic algorithm">
      <UniqueIdentifier>{3b42f71b-7c6f-4c65-84c5-1a7782e84149}</UniqueIdentifier>
    </Filter>
    <Filter Include="Header Files\library\math\case generator">
      <UniqueIdentifier>{1da2e867-3792-4fd6-8cb1-c43bc92abac7}</UniqueIdentifier>
    </Filter>
    <Filter Include="Header Files\templates">
      <UniqueIdentifier>{5deff751-df1d-4454-832c-e93ec0635295}</UniqueIdentifier>
    </Filter>
    <Filter Include="Header Files\templates\service">
      <UniqueIdentifier>{e1bfc4c9-ed04-4457-b8e7-760496afce17}</UniqueIdentifier>
    </Filter>
    <Filter Include="Header Files\protocol\basic components">
      <UniqueIdentifier>{8dc30a52-ceb0-474b-8c41-1b0c2b48816d}</UniqueIdentifier>
    </Filter>
    <Filter Include="Header Files\protocol\basic components\web-socket">
      <UniqueIdentifier>{8435b827-8709-4e45-b3b4-4b211d4a6b51}</UniqueIdentifier>
    </Filter>
    <Filter Include="Header Files\protocol\entity">
      <UniqueIdentifier>{912cbf6b-e39a-4727-9f86-77be879e4ab6}</UniqueIdentifier>
    </Filter>
    <Filter Include="Header Files\protocol\entity\deriveds">
      <UniqueIdentifier>{c1ddd57f-ad80-415e-8b0a-fa421ee92574}</UniqueIdentifier>
    </Filter>
    <Filter Include="Header Files\protocol\entity\utils">
      <UniqueIdentifier>{3236de7e-9c4f-45c9-9b2a-76e8cb4259d3}</UniqueIdentifier>
    </Filter>
    <Filter Include="Header Files\protocol\invoke">
      <UniqueIdentifier>{e8927832-f733-412d-afef-0933e25fe851}</UniqueIdentifier>
    </Filter>
    <Filter Include="Header Files\protocol\miscellaneous">
      <UniqueIdentifier>{1776a4ae-e107-47ff-9a04-29b1b4185856}</UniqueIdentifier>
    </Filter>
    <Filter Include="Source Files\protocol\basic components">
      <UniqueIdentifier>{077b3cad-17fd-42fa-a83f-8bd708680f07}</UniqueIdentifier>
    </Filter>
    <Filter Include="Source Files\templates">
      <UniqueIdentifier>{aa9b744a-bce7-4082-b100-41b0707b7c1e}</UniqueIdentifier>
    </Filter>
    <Filter Include="Source Files\templates\service">
      <UniqueIdentifier>{2d832f0b-cbc7-4a2c-b358-f4278b1f2229}</UniqueIdentifier>
    </Filter>
    <Filter Include="Header Files\templates\external">
      <UniqueIdentifier>{39414e66-4643-4cbe-be16-c8e92aa146bf}</UniqueIdentifier>
    </Filter>
    <Filter Include="Source Files\templates\external">
      <UniqueIdentifier>{10ee64a6-7ae4-4f40-94e4-ec0ab81ba549}</UniqueIdentifier>
    </Filter>
    <Filter Include="Header Files\templates\parallel">
      <UniqueIdentifier>{8d5b65df-9bfa-4d73-8a2a-ec41eea6d7ed}</UniqueIdentifier>
    </Filter>
    <Filter Include="Header Files\templates\slave">
      <UniqueIdentifier>{6a115e08-143a-4f7f-bd1c-16fa93b09b27}</UniqueIdentifier>
    </Filter>
    <Filter Include="Source Files\templates\slave">
      <UniqueIdentifier>{0bea6a1f-2199-4236-9a08-d200a6450217}</UniqueIdentifier>
    </Filter>
    <Filter Include="Source Files\templates\parallel">
      <UniqueIdentifier>{47772c71-b0a9-450b-9b60-a278d1c8aaa1}</UniqueIdentifier>
    </Filter>
    <Filter Include="Source Files\protocol\basic components\base protocol">
      <UniqueIdentifier>{fe1d1b03-fe26-4416-a4a7-dfc5a0adb28d}</UniqueIdentifier>
    </Filter>
    <Filter Include="Source Files\protocol\basic components\web-socket protocol">
      <UniqueIdentifier>{8238fa67-369d-462e-b64e-69b9650135a2}</UniqueIdentifier>
    </Filter>
    <Filter Include="Header Files\templates\distributed">
      <UniqueIdentifier>{12593d29-e575-4ff3-9e35-8391f3666b03}</UniqueIdentifier>
    </Filter>
    <Filter Include="Source Files\templates\distributed">
      <UniqueIdentifier>{69af3ef5-b120-4e8b-bc89-31a9a32a2d34}</UniqueIdentifier>
    </Filter>
  </ItemGroup>
  <ItemGroup>
    <ClInclude Include="..\samchon\ByteArray.hpp">
      <Filter>Header Files\basic</Filter>
    </ClInclude>
    <ClInclude Include="..\samchon\Dictionary.hpp">
      <Filter>Header Files\basic</Filter>
    </ClInclude>
    <ClInclude Include="..\samchon\IndexPair.hpp">
      <Filter>Header Files\basic</Filter>
    </ClInclude>
    <ClInclude Include="..\samchon\SmartPointer.hpp">
      <Filter>Header Files\basic</Filter>
    </ClInclude>
    <ClInclude Include="..\samchon\WeakString.hpp">
      <Filter>Header Files\basic</Filter>
    </ClInclude>
    <ClInclude Include="..\samchon\API.hpp">
      <Filter>Header Files</Filter>
    </ClInclude>
    <ClInclude Include="..\samchon\library\Base64.hpp">
      <Filter>Header Files\library\utils\string</Filter>
    </ClInclude>
    <ClInclude Include="..\samchon\library\Charset.hpp">
      <Filter>Header Files\library\utils\string</Filter>
    </ClInclude>
    <ClInclude Include="..\samchon\library\StringUtil.hpp">
      <Filter>Header Files\library\utils\string</Filter>
    </ClInclude>
    <ClInclude Include="..\samchon\library\CriticalDictionary.hpp">
      <Filter>Header Files\library\data\common\critical section\container</Filter>
    </ClInclude>
    <ClInclude Include="..\samchon\library\CriticalList.hpp">
      <Filter>Header Files\library\data\common\critical section\container</Filter>
    </ClInclude>
    <ClInclude Include="..\samchon\library\CriticalMap.hpp">
      <Filter>Header Files\library\data\common\critical section\container</Filter>
    </ClInclude>
    <ClInclude Include="..\samchon\library\CriticalSet.hpp">
      <Filter>Header Files\library\data\common\critical section\container</Filter>
    </ClInclude>
    <ClInclude Include="..\samchon\library\CriticalVector.hpp">
      <Filter>Header Files\library\data\common\critical section\container</Filter>
    </ClInclude>
    <ClInclude Include="..\samchon\library\UniqueAcquire.hpp">
      <Filter>Header Files\library\data\common\critical section\unique &amp; shared lock</Filter>
    </ClInclude>
    <ClInclude Include="..\samchon\library\UniqueReadLock.hpp">
      <Filter>Header Files\library\data\common\critical section\unique &amp; shared lock</Filter>
    </ClInclude>
    <ClInclude Include="..\samchon\library\UniqueWriteLock.hpp">
      <Filter>Header Files\library\data\common\critical section\unique &amp; shared lock</Filter>
    </ClInclude>
    <ClInclude Include="..\samchon\library\RWMutex.hpp">
      <Filter>Header Files\library\data\common\critical section</Filter>
    </ClInclude>
    <ClInclude Include="..\samchon\library\Semaphore.hpp">
      <Filter>Header Files\library\data\common\critical section</Filter>
    </ClInclude>
    <ClInclude Include="..\samchon\library\GAParameters.hpp">
      <Filter>Header Files\library\math\genetic algorithm</Filter>
    </ClInclude>
    <ClInclude Include="..\samchon\library\GAPopulation.hpp">
      <Filter>Header Files\library\math\genetic algorithm</Filter>
    </ClInclude>
    <ClInclude Include="..\samchon\library\GeneticAlgorithm.hpp">
      <Filter>Header Files\library\math\genetic algorithm</Filter>
    </ClInclude>
    <ClInclude Include="..\samchon\library\Date.hpp">
      <Filter>Header Files\library\data\datetime</Filter>
    </ClInclude>
    <ClInclude Include="..\samchon\library\CaseGenerator.hpp">
      <Filter>Header Files\library\math\case generator</Filter>
    </ClInclude>
    <ClInclude Include="..\samchon\library\CombinedPermutationGenerator.hpp">
      <Filter>Header Files\library\math\case generator</Filter>
    </ClInclude>
    <ClInclude Include="..\samchon\library\FactorialGenerator.hpp">
      <Filter>Header Files\library\math\case generator</Filter>
    </ClInclude>
    <ClInclude Include="..\samchon\library\PermutationGenerator.hpp">
      <Filter>Header Files\library\math\case generator</Filter>
    </ClInclude>
    <ClInclude Include="..\samchon\library\CriticalAllocator.hpp">
      <Filter>Header Files\library\data\common\critical section</Filter>
    </ClInclude>
    <ClInclude Include="..\samchon\library\IOperator.hpp">
      <Filter>Header Files\library\data\common</Filter>
    </ClInclude>
    <ClInclude Include="..\samchon\library\Math.hpp">
      <Filter>Header Files\library\math</Filter>
    </ClInclude>
    <ClInclude Include="..\samchon\library\XML.hpp">
      <Filter>Header Files\library\data\xml</Filter>
    </ClInclude>
    <ClInclude Include="..\samchon\library\MySQLi.hpp">
      <Filter>Header Files\library\data\sql</Filter>
    </ClInclude>
    <ClInclude Include="..\samchon\library\SQLi.hpp">
      <Filter>Header Files\library\data\sql</Filter>
    </ClInclude>
    <ClInclude Include="..\samchon\library\SQLLiteConnector.hpp">
      <Filter>Header Files\library\data\sql</Filter>
    </ClInclude>
    <ClInclude Include="..\samchon\library\SQLStatement.hpp">
      <Filter>Header Files\library\data\sql</Filter>
    </ClInclude>
    <ClInclude Include="..\samchon\library\TSQLi.hpp">
      <Filter>Header Files\library\data\sql</Filter>
    </ClInclude>
    <ClInclude Include="..\samchon\library\TSQLStatement.hpp">
      <Filter>Header Files\library\data\sql</Filter>
    </ClInclude>
    <ClInclude Include="..\samchon\library\HTTPLoader.hpp">
      <Filter>Header Files\library\data\http</Filter>
    </ClInclude>
    <ClInclude Include="..\samchon\library\URLVariables.hpp">
      <Filter>Header Files\library\data\http</Filter>
    </ClInclude>
    <ClInclude Include="..\samchon\protocol\EntityGroup.hpp">
      <Filter>Header Files\protocol\entity</Filter>
    </ClInclude>
    <ClInclude Include="..\samchon\protocol\Invoke.hpp">
      <Filter>Header Files\protocol\invoke</Filter>
    </ClInclude>
    <ClInclude Include="..\samchon\protocol\InvokeParameter.hpp">
      <Filter>Header Files\protocol\invoke</Filter>
    </ClInclude>
    <ClInclude Include="..\samchon\protocol\IProtocol.hpp">
      <Filter>Header Files\protocol\basic components</Filter>
    </ClInclude>
    <ClInclude Include="..\samchon\protocol\ServerConnector.hpp">
      <Filter>Header Files\protocol\basic components</Filter>
    </ClInclude>
    <ClInclude Include="..\samchon\library.hpp">
      <Filter>Header Files</Filter>
    </ClInclude>
    <ClInclude Include="..\samchon\protocol.hpp">
      <Filter>Header Files</Filter>
    </ClInclude>
    <ClInclude Include="..\samchon\HashMap.hpp">
      <Filter>Header Files\basic</Filter>
    </ClInclude>
    <ClInclude Include="..\samchon\TreeMap.hpp">
      <Filter>Header Files\basic</Filter>
    </ClInclude>
    <ClInclude Include="..\samchon\library\SharedAcquire.hpp">
      <Filter>Header Files\library\data\common\critical section\unique &amp; shared lock</Filter>
    </ClInclude>
    <ClInclude Include="..\samchon\library\SharedReadLock.hpp">
      <Filter>Header Files\library\data\common\critical section\unique &amp; shared lock</Filter>
    </ClInclude>
    <ClInclude Include="..\samchon\library\SharedWriteLock.hpp">
      <Filter>Header Files\library\data\common\critical section\unique &amp; shared lock</Filter>
    </ClInclude>
    <ClInclude Include="..\samchon\library\ErrorEvent.hpp">
      <Filter>Header Files\library\events</Filter>
    </ClInclude>
    <ClInclude Include="..\samchon\library\Event.hpp">
      <Filter>Header Files\library\events</Filter>
    </ClInclude>
    <ClInclude Include="..\samchon\library\EventDispatcher.hpp">
      <Filter>Header Files\library\events</Filter>
    </ClInclude>
    <ClInclude Include="..\samchon\library\ProgressEvent.hpp">
      <Filter>Header Files\library\events</Filter>
    </ClInclude>
    <ClInclude Include="..\samchon\protocol\Communicator.hpp">
      <Filter>Header Files\protocol\basic components</Filter>
    </ClInclude>
    <ClInclude Include="..\samchon\protocol\WebServerConnector.hpp">
      <Filter>Header Files\protocol\basic components\web-socket</Filter>
    </ClInclude>
    <ClInclude Include="..\samchon\protocol\WebSocketUtil.hpp">
      <Filter>Header Files\protocol\basic components\web-socket</Filter>
    </ClInclude>
    <ClInclude Include="..\samchon\protocol\Socket.hpp">
      <Filter>Header Files\protocol\basic components</Filter>
    </ClInclude>
    <ClInclude Include="..\samchon\protocol\ClientDriver.hpp">
      <Filter>Header Files\protocol\basic components</Filter>
    </ClInclude>
    <ClInclude Include="..\samchon\protocol\WebClientDriver.hpp">
      <Filter>Header Files\protocol\basic components\web-socket</Filter>
    </ClInclude>
    <ClInclude Include="..\samchon\protocol\WebServer.hpp">
      <Filter>Header Files\protocol\basic components\web-socket</Filter>
    </ClInclude>
    <ClInclude Include="..\samchon\protocol\Server.hpp">
      <Filter>Header Files\protocol\basic components</Filter>
    </ClInclude>
    <ClInclude Include="..\samchon\protocol\WebCommunicator.hpp">
      <Filter>Header Files\protocol\basic components\web-socket</Filter>
    </ClInclude>
    <ClInclude Include="..\samchon\protocol\FlashPolicyServer.hpp">
      <Filter>Header Files\protocol\miscellaneous</Filter>
    </ClInclude>
    <ClInclude Include="..\samchon\protocol\Entity.hpp">
      <Filter>Header Files\protocol\entity</Filter>
    </ClInclude>
    <ClInclude Include="..\samchon\protocol\IListener.hpp">
      <Filter>Header Files\protocol\basic components</Filter>
    </ClInclude>
    <ClInclude Include="..\samchon\protocol\SharedEntityArray.hpp">
      <Filter>Header Files\protocol\entity\deriveds</Filter>
    </ClInclude>
    <ClInclude Include="..\samchon\protocol\SharedEntityDeque.hpp">
      <Filter>Header Files\protocol\entity\deriveds</Filter>
    </ClInclude>
    <ClInclude Include="..\samchon\protocol\SharedEntityList.hpp">
      <Filter>Header Files\protocol\entity\deriveds</Filter>
    </ClInclude>
    <ClInclude Include="..\samchon\protocol\StaticEntityArray.hpp">
      <Filter>Header Files\protocol\entity\deriveds</Filter>
    </ClInclude>
    <ClInclude Include="..\samchon\protocol\StaticEntityList.hpp">
      <Filter>Header Files\protocol\entity\deriveds</Filter>
    </ClInclude>
    <ClInclude Include="..\samchon\protocol\UniqueEntityArray.hpp">
      <Filter>Header Files\protocol\entity\deriveds</Filter>
    </ClInclude>
    <ClInclude Include="..\samchon\protocol\UniqueEntityList.hpp">
      <Filter>Header Files\protocol\entity\deriveds</Filter>
    </ClInclude>
    <ClInclude Include="..\samchon\protocol\StaticEntityGroup.hpp">
      <Filter>Header Files\protocol\entity</Filter>
    </ClInclude>
    <ClInclude Include="..\samchon\protocol\ISQLEntity.hpp">
      <Filter>Header Files\protocol\entity\utils</Filter>
    </ClInclude>
    <ClInclude Include="..\samchon\protocol\IHTMLEntity.hpp">
      <Filter>Header Files\protocol\entity\utils</Filter>
    </ClInclude>
    <ClInclude Include="..\samchon\protocol\IEntityChain.hpp">
      <Filter>Header Files\protocol\entity\utils</Filter>
    </ClInclude>
    <ClInclude Include="..\samchon\protocol\EntityGroupBase.hpp">
      <Filter>Header Files\protocol\entity</Filter>
    </ClInclude>
    <ClInclude Include="..\samchon\protocol\StaticEntityDeque.hpp">
      <Filter>Header Files\protocol\entity\deriveds</Filter>
    </ClInclude>
    <ClInclude Include="..\samchon\protocol\UniqueEntityDeque.hpp">
      <Filter>Header Files\protocol\entity\deriveds</Filter>
    </ClInclude>
    <ClInclude Include="..\samchon\protocol\InvokeHistory.hpp">
      <Filter>Header Files\protocol\invoke</Filter>
    </ClInclude>
    <ClInclude Include="..\samchon\templates\service\Client.hpp">
      <Filter>Header Files\templates\service</Filter>
    </ClInclude>
    <ClInclude Include="..\samchon\templates\service\Server.hpp">
      <Filter>Header Files\templates\service</Filter>
    </ClInclude>
    <ClInclude Include="..\samchon\templates\service\Service.hpp">
      <Filter>Header Files\templates\service</Filter>
    </ClInclude>
    <ClInclude Include="..\samchon\templates\service\User.hpp">
      <Filter>Header Files\templates\service</Filter>
    </ClInclude>
    <ClInclude Include="..\samchon\templates\external\ExternalClientArray.hpp">
      <Filter>Header Files\templates\external</Filter>
    </ClInclude>
    <ClInclude Include="..\samchon\templates\external\ExternalServer.hpp">
      <Filter>Header Files\templates\external</Filter>
    </ClInclude>
    <ClInclude Include="..\samchon\templates\external\ExternalServerArray.hpp">
      <Filter>Header Files\templates\external</Filter>
    </ClInclude>
    <ClInclude Include="..\samchon\templates\external\ExternalServerClientArray.hpp">
      <Filter>Header Files\templates\external</Filter>
    </ClInclude>
    <ClInclude Include="..\samchon\templates\external\ExternalSystem.hpp">
      <Filter>Header Files\templates\external</Filter>
    </ClInclude>
    <ClInclude Include="..\samchon\templates\external\ExternalSystemArray.hpp">
      <Filter>Header Files\templates\external</Filter>
    </ClInclude>
    <ClInclude Include="..\samchon\templates\external\ExternalSystemRole.hpp">
      <Filter>Header Files\templates\external</Filter>
    </ClInclude>
    <ClInclude Include="..\samchon\templates\external.hpp">
      <Filter>Header Files\templates</Filter>
    </ClInclude>
    <ClInclude Include="..\samchon\templates\service.hpp">
      <Filter>Header Files\templates</Filter>
    </ClInclude>
    <ClInclude Include="..\samchon\templates\slave.hpp">
      <Filter>Header Files\templates</Filter>
    </ClInclude>
    <ClInclude Include="..\samchon\templates\parallel.hpp">
      <Filter>Header Files\templates</Filter>
    </ClInclude>
    <ClInclude Include="..\samchon\templates\parallel\MediatorSystem.hpp">
      <Filter>Header Files\templates\parallel</Filter>
    </ClInclude>
    <ClInclude Include="..\samchon\templates\parallel\ParallelClientArray.hpp">
      <Filter>Header Files\templates\parallel</Filter>
    </ClInclude>
    <ClInclude Include="..\samchon\templates\parallel\ParallelClientArrayMediator.hpp">
      <Filter>Header Files\templates\parallel</Filter>
    </ClInclude>
    <ClInclude Include="..\samchon\templates\parallel\ParallelServerArray.hpp">
      <Filter>Header Files\templates\parallel</Filter>
    </ClInclude>
    <ClInclude Include="..\samchon\templates\parallel\ParallelServerArrayMediator.hpp">
      <Filter>Header Files\templates\parallel</Filter>
    </ClInclude>
    <ClInclude Include="..\samchon\templates\parallel\ParallelServerClientArray.hpp">
      <Filter>Header Files\templates\parallel</Filter>
    </ClInclude>
    <ClInclude Include="..\samchon\templates\parallel\ParallelServerClientArrayMediator.hpp">
      <Filter>Header Files\templates\parallel</Filter>
    </ClInclude>
    <ClInclude Include="..\samchon\templates\parallel\ParallelSystem.hpp">
      <Filter>Header Files\templates\parallel</Filter>
    </ClInclude>
    <ClInclude Include="..\samchon\templates\parallel\ParallelSystemArray.hpp">
      <Filter>Header Files\templates\parallel</Filter>
    </ClInclude>
    <ClInclude Include="..\samchon\templates\parallel\ParallelSystemArrayMediator.hpp">
      <Filter>Header Files\templates\parallel</Filter>
    </ClInclude>
    <ClInclude Include="..\samchon\templates\parallel\PRInvokeHistory.hpp">
      <Filter>Header Files\templates\parallel</Filter>
    </ClInclude>
    <ClInclude Include="..\samchon\templates\slave\SlaveSystem.hpp">
      <Filter>Header Files\templates\slave</Filter>
    </ClInclude>
    <ClInclude Include="..\samchon\templates\slave\SlaveClient.hpp">
      <Filter>Header Files\templates\slave</Filter>
    </ClInclude>
    <ClInclude Include="..\samchon\templates\slave\SlaveServer.hpp">
      <Filter>Header Files\templates\slave</Filter>
    </ClInclude>
    <ClInclude Include="..\samchon\templates\distributed\DistributedClientArray.hpp">
      <Filter>Header Files\templates\distributed</Filter>
    </ClInclude>
    <ClInclude Include="..\samchon\templates\distributed\DistributedClientArrayMediator.hpp">
      <Filter>Header Files\templates\distributed</Filter>
    </ClInclude>
    <ClInclude Include="..\samchon\templates\distributed\DistributedServer.hpp">
      <Filter>Header Files\templates\distributed</Filter>
    </ClInclude>
    <ClInclude Include="..\samchon\templates\distributed\DistributedServerArray.hpp">
      <Filter>Header Files\templates\distributed</Filter>
    </ClInclude>
    <ClInclude Include="..\samchon\templates\distributed\DistributedServerArrayMediator.hpp">
      <Filter>Header Files\templates\distributed</Filter>
    </ClInclude>
    <ClInclude Include="..\samchon\templates\distributed\DistributedServerClientArray.hpp">
      <Filter>Header Files\templates\distributed</Filter>
    </ClInclude>
    <ClInclude Include="..\samchon\templates\distributed\DistributedServerClientArrayMediator.hpp">
      <Filter>Header Files\templates\distributed</Filter>
    </ClInclude>
    <ClInclude Include="..\samchon\templates\distributed\DistributedSystem.hpp">
      <Filter>Header Files\templates\distributed</Filter>
    </ClInclude>
    <ClInclude Include="..\samchon\templates\distributed\DistributedSystemArray.hpp">
      <Filter>Header Files\templates\distributed</Filter>
    </ClInclude>
    <ClInclude Include="..\samchon\templates\distributed\DistributedSystemArrayMediator.hpp">
      <Filter>Header Files\templates\distributed</Filter>
    </ClInclude>
    <ClInclude Include="..\samchon\templates\distributed\DSInvokeHistory.hpp">
      <Filter>Header Files\templates\distributed</Filter>
    </ClInclude>
    <ClInclude Include="..\samchon\templates\distributed\DistributedProcess.hpp">
      <Filter>Header Files\templates\distributed</Filter>
    </ClInclude>
    <ClInclude Include="..\samchon\templates.hpp">
      <Filter>Header Files</Filter>
    </ClInclude>
    <ClInclude Include="..\samchon\templates\distributed.hpp">
      <Filter>Header Files\templates</Filter>
    </ClInclude>
    <ClInclude Include="..\samchon\templates\parallel\ParallelServer.hpp">
      <Filter>Header Files\templates\parallel</Filter>
    </ClInclude>
  </ItemGroup>
  <ItemGroup>
    <ClCompile Include="..\samchon\library\SQLi.cpp">
      <Filter>Source Files\library\sql interface</Filter>
    </ClCompile>
    <ClCompile Include="..\samchon\library\SQLStatement.cpp">
      <Filter>Source Files\library\sql interface</Filter>
    </ClCompile>
    <ClCompile Include="..\samchon\library\TSQLi.cpp">
      <Filter>Source Files\library\sql interface</Filter>
    </ClCompile>
    <ClCompile Include="..\samchon\library\TSQLStatement.cpp">
      <Filter>Source Files\library\sql interface</Filter>
    </ClCompile>
    <ClCompile Include="..\samchon\library\EventDispatcher.cpp">
      <Filter>Source Files\library\event</Filter>
    </ClCompile>
    <ClCompile Include="..\samchon\library\Charset.cpp">
      <Filter>Source Files\library\miscellaneous</Filter>
    </ClCompile>
    <ClCompile Include="..\samchon\library\HTTPLoader.cpp">
      <Filter>Source Files\library\miscellaneous</Filter>
    </ClCompile>
    <ClCompile Include="..\samchon\protocol\WebSocketUtil.cpp">
      <Filter>Source Files\protocol\basic components\web-socket protocol</Filter>
    </ClCompile>
    <ClCompile Include="..\samchon\protocol\WebClientDriver.cpp">
      <Filter>Source Files\protocol\basic components\web-socket protocol</Filter>
    </ClCompile>
    <ClCompile Include="..\samchon\protocol\WebServerConnector.cpp">
      <Filter>Source Files\protocol\basic components\web-socket protocol</Filter>
    </ClCompile>
    <ClCompile Include="..\samchon\protocol\WebServer.cpp">
      <Filter>Source Files\protocol\basic components\web-socket protocol</Filter>
    </ClCompile>
    <ClCompile Include="..\samchon\protocol\WebCommunicator.cpp">
      <Filter>Source Files\protocol\basic components\web-socket protocol</Filter>
    </ClCompile>
    <ClCompile Include="..\samchon\protocol\FlashPolicyServer.cpp">
      <Filter>Source Files\protocol\miscellaneous</Filter>
    </ClCompile>
    <ClCompile Include="..\samchon\templates\service\Client.cpp">
      <Filter>Source Files\templates\service</Filter>
    </ClCompile>
    <ClCompile Include="..\samchon\templates\service\Server_service.cpp">
      <Filter>Source Files\templates\service</Filter>
    </ClCompile>
    <ClCompile Include="..\samchon\templates\service\Service.cpp">
      <Filter>Source Files\templates\service</Filter>
    </ClCompile>
    <ClCompile Include="..\samchon\templates\service\User.cpp">
      <Filter>Source Files\templates\service</Filter>
    </ClCompile>
    <ClCompile Include="..\samchon\templates\external\ExternalServer.cpp">
      <Filter>Source Files\templates\external</Filter>
    </ClCompile>
    <ClCompile Include="..\samchon\templates\external\ExternalServerArray.cpp">
      <Filter>Source Files\templates\external</Filter>
    </ClCompile>
    <ClCompile Include="..\samchon\templates\external\ExternalServerClientArray.cpp">
      <Filter>Source Files\templates\external</Filter>
    </ClCompile>
    <ClCompile Include="..\samchon\templates\external\ExternalSystem.cpp">
      <Filter>Source Files\templates\external</Filter>
    </ClCompile>
    <ClCompile Include="..\samchon\templates\external\ExternalSystemArray.cpp">
      <Filter>Source Files\templates\external</Filter>
    </ClCompile>
    <ClCompile Include="..\samchon\templates\external\ExternalSystemRole.cpp">
      <Filter>Source Files\templates\external</Filter>
    </ClCompile>
    <ClCompile Include="..\samchon\templates\external\ExternalClientArray.cpp">
      <Filter>Source Files\templates\external</Filter>
    </ClCompile>
    <ClCompile Include="..\samchon\templates\slave\SlaveSystem.cpp">
      <Filter>Source Files\templates\slave</Filter>
    </ClCompile>
    <ClCompile Include="..\samchon\templates\slave\SlaveClient.cpp">
      <Filter>Source Files\templates\slave</Filter>
    </ClCompile>
    <ClCompile Include="..\samchon\templates\slave\SlaveServer.cpp">
      <Filter>Source Files\templates\slave</Filter>
    </ClCompile>
    <ClCompile Include="..\samchon\templates\parallel\PRInvokeHistory.cpp">
      <Filter>Source Files\templates\parallel</Filter>
    </ClCompile>
    <ClCompile Include="..\samchon\templates\parallel\MediatorSystem.cpp">
      <Filter>Source Files\templates\parallel</Filter>
    </ClCompile>
    <ClCompile Include="..\samchon\templates\parallel\ParallelServer.cpp">
      <Filter>Source Files\templates\parallel</Filter>
    </ClCompile>
    <ClCompile Include="..\samchon\templates\parallel\ParallelSystem.cpp">
      <Filter>Source Files\templates\parallel</Filter>
    </ClCompile>
    <ClCompile Include="..\samchon\templates\parallel\ParallelSystemArray.cpp">
      <Filter>Source Files\templates\parallel</Filter>
    </ClCompile>
    <ClCompile Include="..\samchon\templates\parallel\ParallelSystemArrayMediator.cpp">
      <Filter>Source Files\templates\parallel</Filter>
    </ClCompile>
    <ClCompile Include="..\samchon\protocol\ClientDriver.cpp">
      <Filter>Source Files\protocol\basic components\base protocol</Filter>
    </ClCompile>
    <ClCompile Include="..\samchon\protocol\Communicator.cpp">
      <Filter>Source Files\protocol\basic components\base protocol</Filter>
    </ClCompile>
    <ClCompile Include="..\samchon\protocol\Server.cpp">
      <Filter>Source Files\protocol\basic components\base protocol</Filter>
    </ClCompile>
    <ClCompile Include="..\samchon\protocol\ServerConnector.cpp">
      <Filter>Source Files\protocol\basic components\base protocol</Filter>
    </ClCompile>
    <ClCompile Include="..\samchon\templates\distributed\DistributedServer.cpp">
      <Filter>Source Files\templates\distributed</Filter>
    </ClCompile>
    <ClCompile Include="..\samchon\templates\distributed\DistributedSystem.cpp">
      <Filter>Source Files\templates\distributed</Filter>
    </ClCompile>
    <ClCompile Include="..\samchon\templates\distributed\DistributedSystemArray.cpp">
      <Filter>Source Files\templates\distributed</Filter>
    </ClCompile>
    <ClCompile Include="..\samchon\templates\distributed\DistributedSystemArrayMediator.cpp">
      <Filter>Source Files\templates\distributed</Filter>
    </ClCompile>
    <ClCompile Include="..\samchon\templates\distributed\DSInvokeHistory.cpp">
      <Filter>Source Files\templates\distributed</Filter>
    </ClCompile>
    <ClCompile Include="..\samchon\templates\distributed\DistributedProcess.cpp">
      <Filter>Source Files\templates\distributed</Filter>
    </ClCompile>
  </ItemGroup>
</Project>